
Microsoft Visual Studio Solution File, Format Version 12.00
# Visual Studio 15
VisualStudioVersion = 15.0.27703.2018
MinimumVisualStudioVersion = 10.0.40219.1
Project("{FAE04EC0-301F-11D3-BF4B-00C04F79EFBC}") = "WebSocketMessaging", "WebsocketMessaging\WebSocketMessaging.csproj", "{A6F9DAE3-8537-49E1-AE2E-13A2DC3FF9B8}"
EndProject
Project("{FAE04EC0-301F-11D3-BF4B-00C04F79EFBC}") = "AutoRender.Service", "AutoRender.Service\AutoRender.Service.csproj", "{5982A638-65ED-457B-9D82-4C64BD292B7C}"
EndProject
Project("{FAE04EC0-301F-11D3-BF4B-00C04F79EFBC}") = "AutoRender.Lib", "AutoRender.Lib\AutoRender.Lib.csproj", "{F2FA375B-3A80-4095-A797-22C46B8620CC}"
EndProject
Project("{FAE04EC0-301F-11D3-BF4B-00C04F79EFBC}") = "AutoRender.Messaging", "AutoRender.Shared\AutoRender.Messaging.csproj", "{35101FCE-D2B0-437B-B694-B0E04DD0BC3C}"
EndProject
Project("{FAE04EC0-301F-11D3-BF4B-00C04F79EFBC}") = "CrazyUtils", "CrazyUtils\CrazyUtils.csproj", "{232647D8-8CA8-4F02-91B9-72EE17E99DD1}"
EndProject
Global
	GlobalSection(SolutionConfigurationPlatforms) = preSolution
		Debug|Any CPU = Debug|Any CPU
		Release|Any CPU = Release|Any CPU
	EndGlobalSection
	GlobalSection(ProjectConfigurationPlatforms) = postSolution
		{A6F9DAE3-8537-49E1-AE2E-13A2DC3FF9B8}.Debug|Any CPU.ActiveCfg = Debug|Any CPU
		{A6F9DAE3-8537-49E1-AE2E-13A2DC3FF9B8}.Debug|Any CPU.Build.0 = Debug|Any CPU
		{A6F9DAE3-8537-49E1-AE2E-13A2DC3FF9B8}.Release|Any CPU.ActiveCfg = Debug|Any CPU
		{A6F9DAE3-8537-49E1-AE2E-13A2DC3FF9B8}.Release|Any CPU.Build.0 = Debug|Any CPU
		{5982A638-65ED-457B-9D82-4C64BD292B7C}.Debug|Any CPU.ActiveCfg = Debug|Any CPU
		{5982A638-65ED-457B-9D82-4C64BD292B7C}.Debug|Any CPU.Build.0 = Debug|Any CPU
		{5982A638-65ED-457B-9D82-4C64BD292B7C}.Release|Any CPU.ActiveCfg = Debug|Any CPU
		{5982A638-65ED-457B-9D82-4C64BD292B7C}.Release|Any CPU.Build.0 = Debug|Any CPU
		{F2FA375B-3A80-4095-A797-22C46B8620CC}.Debug|Any CPU.ActiveCfg = Debug|Any CPU
		{F2FA375B-3A80-4095-A797-22C46B8620CC}.Debug|Any CPU.Build.0 = Debug|Any CPU
		{F2FA375B-3A80-4095-A797-22C46B8620CC}.Release|Any CPU.ActiveCfg = Debug|Any CPU
		{F2FA375B-3A80-4095-A797-22C46B8620CC}.Release|Any CPU.Build.0 = Debug|Any CPU
		{35101FCE-D2B0-437B-B694-B0E04DD0BC3C}.Debug|Any CPU.ActiveCfg = Debug|Any CPU
		{35101FCE-D2B0-437B-B694-B0E04DD0BC3C}.Debug|Any CPU.Build.0 = Debug|Any CPU
		{35101FCE-D2B0-437B-B694-B0E04DD0BC3C}.Release|Any CPU.ActiveCfg = Debug|Any CPU
		{35101FCE-D2B0-437B-B694-B0E04DD0BC3C}.Release|Any CPU.Build.0 = Debug|Any CPU
		{232647D8-8CA8-4F02-91B9-72EE17E99DD1}.Debug|Any CPU.ActiveCfg = Debug|Any CPU
		{232647D8-8CA8-4F02-91B9-72EE17E99DD1}.Debug|Any CPU.Build.0 = Debug|Any CPU
		{232647D8-8CA8-4F02-91B9-72EE17E99DD1}.Release|Any CPU.ActiveCfg = Debug|Any CPU
		{232647D8-8CA8-4F02-91B9-72EE17E99DD1}.Release|Any CPU.Build.0 = Debug|Any CPU
	EndGlobalSection
	GlobalSection(SolutionProperties) = preSolution
		HideSolutionNode = FALSE
	EndGlobalSection
	GlobalSection(ExtensibilityGlobals) = postSolution
		SolutionGuid = {56ED6544-64AE-4AA9-8549-7860F927C495}
	EndGlobalSection
EndGlobal
