
Microsoft Visual Studio Solution File, Format Version 12.00
# Visual Studio Version 16
VisualStudioVersion = 16.0.28803.156
MinimumVisualStudioVersion = 10.0.40219.1
Project("{FAE04EC0-301F-11D3-BF4B-00C04F79EFBC}") = "AutoRender.GUI", "Client\AutoRender.GUI\AutoRender.GUI.csproj", "{320EC635-86AD-4B80-9A53-4981B7569945}"
EndProject
Project("{FAE04EC0-301F-11D3-BF4B-00C04F79EFBC}") = "AutoRender.Messaging", "Common\AutoRender.Messaging\AutoRender.Messaging.csproj", "{35101FCE-D2B0-437B-B694-B0E04DD0BC3C}"
EndProject
Project("{FAE04EC0-301F-11D3-BF4B-00C04F79EFBC}") = "CrazyUtils", "Common\CrazyUtils\CrazyUtils.csproj", "{232647D8-8CA8-4F02-91B9-72EE17E99DD1}"
EndProject
Project("{FAE04EC0-301F-11D3-BF4B-00C04F79EFBC}") = "AutoRender.Data", "Common\AutoRender.Data\AutoRender.Data.csproj", "{59D58F7E-EC28-4E70-BBC3-5D02B577BD11}"
EndProject
Project("{FAE04EC0-301F-11D3-BF4B-00C04F79EFBC}") = "AutoRender.Subscription.Messaging", "Common\AutoRender.Subscription.Messaging\AutoRender.Subscription.Messaging.csproj", "{F973DBC2-F3BA-4160-839B-8491E6827E3B}"
EndProject
Project("{FAE04EC0-301F-11D3-BF4B-00C04F79EFBC}") = "AutoRender.Logging", "Common\AutoRender.Logging\AutoRender.Logging.csproj", "{D51C4CE3-0473-4DDF-9F0C-B3022E493DBD}"
EndProject
Project("{FAE04EC0-301F-11D3-BF4B-00C04F79EFBC}") = "AutoRender.Client.Config", "Client\AutoRender.Client.Config\AutoRender.Client.Config.csproj", "{B2C97ADC-27B4-403F-989D-A338CE82867A}"
EndProject
Project("{FAE04EC0-301F-11D3-BF4B-00C04F79EFBC}") = "AutoRender.Client.Connection", "Client\AutoRender.Client.Connection\AutoRender.Client.Connection.csproj", "{7C300A26-FB3C-4D98-B3D4-32CBF54FD51C}"
EndProject
Project("{930C7802-8A8C-48F9-8165-68863BCCD9DD}") = "AutoRender.Client.Installer", "Client\AutoRender.Client.Installer\AutoRender.Client.Installer.wixproj", "{1495A077-81F0-4B8B-9586-D25B308760FE}"
EndProject
Project("{FAE04EC0-301F-11D3-BF4B-00C04F79EFBC}") = "AutoRender.Client.Runtime", "Client\AutoRender.Client.Runtime\AutoRender.Client.Runtime.csproj", "{A0B081A6-E257-4169-94AC-FB3729DD2A88}"
EndProject
Project("{FAE04EC0-301F-11D3-BF4B-00C04F79EFBC}") = "AutoRender.Client.Workspace", "Client\AutoRender.Client.Workspace\AutoRender.Client.Workspace.csproj", "{93B60767-37E3-4A1C-B3D7-BBA256B823AD}"
EndProject
Project("{FAE04EC0-301F-11D3-BF4B-00C04F79EFBC}") = "AutoRender.Messaging.Actions", "Client\AutoRender.Messaging.Actions\AutoRender.Messaging.Actions.csproj", "{18183397-F6C3-4964-8591-CD61C598FF4E}"
EndProject
Project("{2150E333-8FDC-42A3-9474-1A3956D46DE8}") = "CodeBase", "CodeBase", "{9C01E7A3-5F44-4E88-920F-1704B2F2C46B}"
EndProject
Project("{2150E333-8FDC-42A3-9474-1A3956D46DE8}") = "Installer", "Installer", "{805D84D3-0603-48E8-B7EC-96055C3EB58A}"
EndProject
Project("{2150E333-8FDC-42A3-9474-1A3956D46DE8}") = "Tests", "Tests", "{45E0D813-E237-49CB-BB66-98B105AB32A4}"
EndProject
Project("{FAE04EC0-301F-11D3-BF4B-00C04F79EFBC}") = "AutoRender.Client.Backup", "Client\AutoRender.Client.Backup\AutoRender.Client.Backup.csproj", "{3FB2093B-8AD2-4071-BA18-FA5BB31B09ED}"
EndProject
Global
	GlobalSection(SolutionConfigurationPlatforms) = preSolution
		Debug|Any CPU = Debug|Any CPU
		Debug|x64 = Debug|x64
		Debug|x86 = Debug|x86
		Release|Any CPU = Release|Any CPU
		Release|x64 = Release|x64
		Release|x86 = Release|x86
	EndGlobalSection
	GlobalSection(ProjectConfigurationPlatforms) = postSolution
		{320EC635-86AD-4B80-9A53-4981B7569945}.Debug|Any CPU.ActiveCfg = Debug|Any CPU
		{320EC635-86AD-4B80-9A53-4981B7569945}.Debug|Any CPU.Build.0 = Debug|Any CPU
		{320EC635-86AD-4B80-9A53-4981B7569945}.Debug|x64.ActiveCfg = Debug|x64
		{320EC635-86AD-4B80-9A53-4981B7569945}.Debug|x64.Build.0 = Debug|x64
		{320EC635-86AD-4B80-9A53-4981B7569945}.Debug|x86.ActiveCfg = Debug|Any CPU
		{320EC635-86AD-4B80-9A53-4981B7569945}.Debug|x86.Build.0 = Debug|Any CPU
		{320EC635-86AD-4B80-9A53-4981B7569945}.Release|Any CPU.ActiveCfg = Debug|Any CPU
		{320EC635-86AD-4B80-9A53-4981B7569945}.Release|Any CPU.Build.0 = Debug|Any CPU
		{320EC635-86AD-4B80-9A53-4981B7569945}.Release|x64.ActiveCfg = Release|x64
		{320EC635-86AD-4B80-9A53-4981B7569945}.Release|x64.Build.0 = Release|x64
		{320EC635-86AD-4B80-9A53-4981B7569945}.Release|x86.ActiveCfg = Release|Any CPU
		{320EC635-86AD-4B80-9A53-4981B7569945}.Release|x86.Build.0 = Release|Any CPU
		{35101FCE-D2B0-437B-B694-B0E04DD0BC3C}.Debug|Any CPU.ActiveCfg = Debug|Any CPU
		{35101FCE-D2B0-437B-B694-B0E04DD0BC3C}.Debug|Any CPU.Build.0 = Debug|Any CPU
		{35101FCE-D2B0-437B-B694-B0E04DD0BC3C}.Debug|x64.ActiveCfg = Debug|x64
		{35101FCE-D2B0-437B-B694-B0E04DD0BC3C}.Debug|x64.Build.0 = Debug|x64
		{35101FCE-D2B0-437B-B694-B0E04DD0BC3C}.Debug|x86.ActiveCfg = Debug|Any CPU
		{35101FCE-D2B0-437B-B694-B0E04DD0BC3C}.Debug|x86.Build.0 = Debug|Any CPU
		{35101FCE-D2B0-437B-B694-B0E04DD0BC3C}.Release|Any CPU.ActiveCfg = Debug|Any CPU
		{35101FCE-D2B0-437B-B694-B0E04DD0BC3C}.Release|Any CPU.Build.0 = Debug|Any CPU
		{35101FCE-D2B0-437B-B694-B0E04DD0BC3C}.Release|x64.ActiveCfg = Release|x64
		{35101FCE-D2B0-437B-B694-B0E04DD0BC3C}.Release|x64.Build.0 = Release|x64
		{35101FCE-D2B0-437B-B694-B0E04DD0BC3C}.Release|x86.ActiveCfg = Release|Any CPU
		{35101FCE-D2B0-437B-B694-B0E04DD0BC3C}.Release|x86.Build.0 = Release|Any CPU
		{232647D8-8CA8-4F02-91B9-72EE17E99DD1}.Debug|Any CPU.ActiveCfg = Debug|Any CPU
		{232647D8-8CA8-4F02-91B9-72EE17E99DD1}.Debug|Any CPU.Build.0 = Debug|Any CPU
		{232647D8-8CA8-4F02-91B9-72EE17E99DD1}.Debug|x64.ActiveCfg = Debug|x64
		{232647D8-8CA8-4F02-91B9-72EE17E99DD1}.Debug|x64.Build.0 = Debug|x64
		{232647D8-8CA8-4F02-91B9-72EE17E99DD1}.Debug|x86.ActiveCfg = Debug|Any CPU
		{232647D8-8CA8-4F02-91B9-72EE17E99DD1}.Debug|x86.Build.0 = Debug|Any CPU
		{232647D8-8CA8-4F02-91B9-72EE17E99DD1}.Release|Any CPU.ActiveCfg = Debug|Any CPU
		{232647D8-8CA8-4F02-91B9-72EE17E99DD1}.Release|Any CPU.Build.0 = Debug|Any CPU
		{232647D8-8CA8-4F02-91B9-72EE17E99DD1}.Release|x64.ActiveCfg = Release|x64
		{232647D8-8CA8-4F02-91B9-72EE17E99DD1}.Release|x64.Build.0 = Release|x64
		{232647D8-8CA8-4F02-91B9-72EE17E99DD1}.Release|x86.ActiveCfg = Release|Any CPU
		{232647D8-8CA8-4F02-91B9-72EE17E99DD1}.Release|x86.Build.0 = Release|Any CPU
		{59D58F7E-EC28-4E70-BBC3-5D02B577BD11}.Debug|Any CPU.ActiveCfg = Debug|Any CPU
		{59D58F7E-EC28-4E70-BBC3-5D02B577BD11}.Debug|Any CPU.Build.0 = Debug|Any CPU
		{59D58F7E-EC28-4E70-BBC3-5D02B577BD11}.Debug|x64.ActiveCfg = Debug|Any CPU
		{59D58F7E-EC28-4E70-BBC3-5D02B577BD11}.Debug|x64.Build.0 = Debug|Any CPU
		{59D58F7E-EC28-4E70-BBC3-5D02B577BD11}.Debug|x86.ActiveCfg = Debug|Any CPU
		{59D58F7E-EC28-4E70-BBC3-5D02B577BD11}.Debug|x86.Build.0 = Debug|Any CPU
		{59D58F7E-EC28-4E70-BBC3-5D02B577BD11}.Release|Any CPU.ActiveCfg = Release|Any CPU
		{59D58F7E-EC28-4E70-BBC3-5D02B577BD11}.Release|Any CPU.Build.0 = Release|Any CPU
		{59D58F7E-EC28-4E70-BBC3-5D02B577BD11}.Release|x64.ActiveCfg = Release|Any CPU
		{59D58F7E-EC28-4E70-BBC3-5D02B577BD11}.Release|x64.Build.0 = Release|Any CPU
		{59D58F7E-EC28-4E70-BBC3-5D02B577BD11}.Release|x86.ActiveCfg = Release|Any CPU
		{59D58F7E-EC28-4E70-BBC3-5D02B577BD11}.Release|x86.Build.0 = Release|Any CPU
		{F973DBC2-F3BA-4160-839B-8491E6827E3B}.Debug|Any CPU.ActiveCfg = Debug|Any CPU
		{F973DBC2-F3BA-4160-839B-8491E6827E3B}.Debug|Any CPU.Build.0 = Debug|Any CPU
		{F973DBC2-F3BA-4160-839B-8491E6827E3B}.Debug|x64.ActiveCfg = Debug|Any CPU
		{F973DBC2-F3BA-4160-839B-8491E6827E3B}.Debug|x64.Build.0 = Debug|Any CPU
		{F973DBC2-F3BA-4160-839B-8491E6827E3B}.Debug|x86.ActiveCfg = Debug|Any CPU
		{F973DBC2-F3BA-4160-839B-8491E6827E3B}.Debug|x86.Build.0 = Debug|Any CPU
		{F973DBC2-F3BA-4160-839B-8491E6827E3B}.Release|Any CPU.ActiveCfg = Release|Any CPU
		{F973DBC2-F3BA-4160-839B-8491E6827E3B}.Release|Any CPU.Build.0 = Release|Any CPU
		{F973DBC2-F3BA-4160-839B-8491E6827E3B}.Release|x64.ActiveCfg = Release|Any CPU
		{F973DBC2-F3BA-4160-839B-8491E6827E3B}.Release|x64.Build.0 = Release|Any CPU
		{F973DBC2-F3BA-4160-839B-8491E6827E3B}.Release|x86.ActiveCfg = Release|Any CPU
		{F973DBC2-F3BA-4160-839B-8491E6827E3B}.Release|x86.Build.0 = Release|Any CPU
		{D51C4CE3-0473-4DDF-9F0C-B3022E493DBD}.Debug|Any CPU.ActiveCfg = Debug|Any CPU
		{D51C4CE3-0473-4DDF-9F0C-B3022E493DBD}.Debug|Any CPU.Build.0 = Debug|Any CPU
		{D51C4CE3-0473-4DDF-9F0C-B3022E493DBD}.Debug|x64.ActiveCfg = Debug|Any CPU
		{D51C4CE3-0473-4DDF-9F0C-B3022E493DBD}.Debug|x64.Build.0 = Debug|Any CPU
		{D51C4CE3-0473-4DDF-9F0C-B3022E493DBD}.Debug|x86.ActiveCfg = Debug|Any CPU
		{D51C4CE3-0473-4DDF-9F0C-B3022E493DBD}.Debug|x86.Build.0 = Debug|Any CPU
		{D51C4CE3-0473-4DDF-9F0C-B3022E493DBD}.Release|Any CPU.ActiveCfg = Release|Any CPU
		{D51C4CE3-0473-4DDF-9F0C-B3022E493DBD}.Release|Any CPU.Build.0 = Release|Any CPU
		{D51C4CE3-0473-4DDF-9F0C-B3022E493DBD}.Release|x64.ActiveCfg = Release|Any CPU
		{D51C4CE3-0473-4DDF-9F0C-B3022E493DBD}.Release|x64.Build.0 = Release|Any CPU
		{D51C4CE3-0473-4DDF-9F0C-B3022E493DBD}.Release|x86.ActiveCfg = Release|Any CPU
		{D51C4CE3-0473-4DDF-9F0C-B3022E493DBD}.Release|x86.Build.0 = Release|Any CPU
		{B2C97ADC-27B4-403F-989D-A338CE82867A}.Debug|Any CPU.ActiveCfg = Debug|Any CPU
		{B2C97ADC-27B4-403F-989D-A338CE82867A}.Debug|Any CPU.Build.0 = Debug|Any CPU
		{B2C97ADC-27B4-403F-989D-A338CE82867A}.Debug|x64.ActiveCfg = Debug|Any CPU
		{B2C97ADC-27B4-403F-989D-A338CE82867A}.Debug|x64.Build.0 = Debug|Any CPU
		{B2C97ADC-27B4-403F-989D-A338CE82867A}.Debug|x86.ActiveCfg = Debug|Any CPU
		{B2C97ADC-27B4-403F-989D-A338CE82867A}.Debug|x86.Build.0 = Debug|Any CPU
		{B2C97ADC-27B4-403F-989D-A338CE82867A}.Release|Any CPU.ActiveCfg = Release|Any CPU
		{B2C97ADC-27B4-403F-989D-A338CE82867A}.Release|Any CPU.Build.0 = Release|Any CPU
		{B2C97ADC-27B4-403F-989D-A338CE82867A}.Release|x64.ActiveCfg = Release|Any CPU
		{B2C97ADC-27B4-403F-989D-A338CE82867A}.Release|x64.Build.0 = Release|Any CPU
		{B2C97ADC-27B4-403F-989D-A338CE82867A}.Release|x86.ActiveCfg = Release|Any CPU
		{B2C97ADC-27B4-403F-989D-A338CE82867A}.Release|x86.Build.0 = Release|Any CPU
		{7C300A26-FB3C-4D98-B3D4-32CBF54FD51C}.Debug|Any CPU.ActiveCfg = Debug|Any CPU
		{7C300A26-FB3C-4D98-B3D4-32CBF54FD51C}.Debug|Any CPU.Build.0 = Debug|Any CPU
		{7C300A26-FB3C-4D98-B3D4-32CBF54FD51C}.Debug|x64.ActiveCfg = Debug|Any CPU
		{7C300A26-FB3C-4D98-B3D4-32CBF54FD51C}.Debug|x64.Build.0 = Debug|Any CPU
		{7C300A26-FB3C-4D98-B3D4-32CBF54FD51C}.Debug|x86.ActiveCfg = Debug|Any CPU
		{7C300A26-FB3C-4D98-B3D4-32CBF54FD51C}.Debug|x86.Build.0 = Debug|Any CPU
		{7C300A26-FB3C-4D98-B3D4-32CBF54FD51C}.Release|Any CPU.ActiveCfg = Release|Any CPU
		{7C300A26-FB3C-4D98-B3D4-32CBF54FD51C}.Release|Any CPU.Build.0 = Release|Any CPU
		{7C300A26-FB3C-4D98-B3D4-32CBF54FD51C}.Release|x64.ActiveCfg = Release|Any CPU
		{7C300A26-FB3C-4D98-B3D4-32CBF54FD51C}.Release|x64.Build.0 = Release|Any CPU
		{7C300A26-FB3C-4D98-B3D4-32CBF54FD51C}.Release|x86.ActiveCfg = Release|Any CPU
		{7C300A26-FB3C-4D98-B3D4-32CBF54FD51C}.Release|x86.Build.0 = Release|Any CPU
		{1495A077-81F0-4B8B-9586-D25B308760FE}.Debug|Any CPU.ActiveCfg = Debug|x86
		{1495A077-81F0-4B8B-9586-D25B308760FE}.Debug|x64.ActiveCfg = Debug|x86
		{1495A077-81F0-4B8B-9586-D25B308760FE}.Debug|x86.ActiveCfg = Debug|x86
		{1495A077-81F0-4B8B-9586-D25B308760FE}.Debug|x86.Build.0 = Debug|x86
		{1495A077-81F0-4B8B-9586-D25B308760FE}.Release|Any CPU.ActiveCfg = Release|x86
		{1495A077-81F0-4B8B-9586-D25B308760FE}.Release|x64.ActiveCfg = Release|x86
		{1495A077-81F0-4B8B-9586-D25B308760FE}.Release|x86.ActiveCfg = Release|x86
		{1495A077-81F0-4B8B-9586-D25B308760FE}.Release|x86.Build.0 = Release|x86
		{A0B081A6-E257-4169-94AC-FB3729DD2A88}.Debug|Any CPU.ActiveCfg = Debug|Any CPU
		{A0B081A6-E257-4169-94AC-FB3729DD2A88}.Debug|Any CPU.Build.0 = Debug|Any CPU
		{A0B081A6-E257-4169-94AC-FB3729DD2A88}.Debug|x64.ActiveCfg = Debug|Any CPU
		{A0B081A6-E257-4169-94AC-FB3729DD2A88}.Debug|x64.Build.0 = Debug|Any CPU
		{A0B081A6-E257-4169-94AC-FB3729DD2A88}.Debug|x86.ActiveCfg = Debug|Any CPU
		{A0B081A6-E257-4169-94AC-FB3729DD2A88}.Debug|x86.Build.0 = Debug|Any CPU
		{A0B081A6-E257-4169-94AC-FB3729DD2A88}.Release|Any CPU.ActiveCfg = Release|Any CPU
		{A0B081A6-E257-4169-94AC-FB3729DD2A88}.Release|Any CPU.Build.0 = Release|Any CPU
		{A0B081A6-E257-4169-94AC-FB3729DD2A88}.Release|x64.ActiveCfg = Release|Any CPU
		{A0B081A6-E257-4169-94AC-FB3729DD2A88}.Release|x64.Build.0 = Release|Any CPU
		{A0B081A6-E257-4169-94AC-FB3729DD2A88}.Release|x86.ActiveCfg = Release|Any CPU
		{A0B081A6-E257-4169-94AC-FB3729DD2A88}.Release|x86.Build.0 = Release|Any CPU
		{93B60767-37E3-4A1C-B3D7-BBA256B823AD}.Debug|Any CPU.ActiveCfg = Debug|Any CPU
		{93B60767-37E3-4A1C-B3D7-BBA256B823AD}.Debug|Any CPU.Build.0 = Debug|Any CPU
		{93B60767-37E3-4A1C-B3D7-BBA256B823AD}.Debug|x64.ActiveCfg = Debug|Any CPU
		{93B60767-37E3-4A1C-B3D7-BBA256B823AD}.Debug|x64.Build.0 = Debug|Any CPU
		{93B60767-37E3-4A1C-B3D7-BBA256B823AD}.Debug|x86.ActiveCfg = Debug|Any CPU
		{93B60767-37E3-4A1C-B3D7-BBA256B823AD}.Debug|x86.Build.0 = Debug|Any CPU
		{93B60767-37E3-4A1C-B3D7-BBA256B823AD}.Release|Any CPU.ActiveCfg = Release|Any CPU
		{93B60767-37E3-4A1C-B3D7-BBA256B823AD}.Release|Any CPU.Build.0 = Release|Any CPU
		{93B60767-37E3-4A1C-B3D7-BBA256B823AD}.Release|x64.ActiveCfg = Release|Any CPU
		{93B60767-37E3-4A1C-B3D7-BBA256B823AD}.Release|x64.Build.0 = Release|Any CPU
		{93B60767-37E3-4A1C-B3D7-BBA256B823AD}.Release|x86.ActiveCfg = Release|Any CPU
		{93B60767-37E3-4A1C-B3D7-BBA256B823AD}.Release|x86.Build.0 = Release|Any CPU
		{18183397-F6C3-4964-8591-CD61C598FF4E}.Debug|Any CPU.ActiveCfg = Debug|Any CPU
		{18183397-F6C3-4964-8591-CD61C598FF4E}.Debug|Any CPU.Build.0 = Debug|Any CPU
		{18183397-F6C3-4964-8591-CD61C598FF4E}.Debug|x64.ActiveCfg = Debug|Any CPU
		{18183397-F6C3-4964-8591-CD61C598FF4E}.Debug|x64.Build.0 = Debug|Any CPU
		{18183397-F6C3-4964-8591-CD61C598FF4E}.Debug|x86.ActiveCfg = Debug|Any CPU
		{18183397-F6C3-4964-8591-CD61C598FF4E}.Debug|x86.Build.0 = Debug|Any CPU
		{18183397-F6C3-4964-8591-CD61C598FF4E}.Release|Any CPU.ActiveCfg = Release|Any CPU
		{18183397-F6C3-4964-8591-CD61C598FF4E}.Release|Any CPU.Build.0 = Release|Any CPU
		{18183397-F6C3-4964-8591-CD61C598FF4E}.Release|x64.ActiveCfg = Release|Any CPU
		{18183397-F6C3-4964-8591-CD61C598FF4E}.Release|x64.Build.0 = Release|Any CPU
		{18183397-F6C3-4964-8591-CD61C598FF4E}.Release|x86.ActiveCfg = Release|Any CPU
		{18183397-F6C3-4964-8591-CD61C598FF4E}.Release|x86.Build.0 = Release|Any CPU
		{3FB2093B-8AD2-4071-BA18-FA5BB31B09ED}.Debug|Any CPU.ActiveCfg = Debug|Any CPU
		{3FB2093B-8AD2-4071-BA18-FA5BB31B09ED}.Debug|Any CPU.Build.0 = Debug|Any CPU
		{3FB2093B-8AD2-4071-BA18-FA5BB31B09ED}.Debug|x64.ActiveCfg = Debug|Any CPU
		{3FB2093B-8AD2-4071-BA18-FA5BB31B09ED}.Debug|x64.Build.0 = Debug|Any CPU
		{3FB2093B-8AD2-4071-BA18-FA5BB31B09ED}.Debug|x86.ActiveCfg = Debug|Any CPU
		{3FB2093B-8AD2-4071-BA18-FA5BB31B09ED}.Debug|x86.Build.0 = Debug|Any CPU
		{3FB2093B-8AD2-4071-BA18-FA5BB31B09ED}.Release|Any CPU.ActiveCfg = Release|Any CPU
		{3FB2093B-8AD2-4071-BA18-FA5BB31B09ED}.Release|Any CPU.Build.0 = Release|Any CPU
		{3FB2093B-8AD2-4071-BA18-FA5BB31B09ED}.Release|x64.ActiveCfg = Release|Any CPU
		{3FB2093B-8AD2-4071-BA18-FA5BB31B09ED}.Release|x64.Build.0 = Release|Any CPU
		{3FB2093B-8AD2-4071-BA18-FA5BB31B09ED}.Release|x86.ActiveCfg = Release|Any CPU
		{3FB2093B-8AD2-4071-BA18-FA5BB31B09ED}.Release|x86.Build.0 = Release|Any CPU
	EndGlobalSection
	GlobalSection(SolutionProperties) = preSolution
		HideSolutionNode = FALSE
	EndGlobalSection
	GlobalSection(NestedProjects) = preSolution
		{320EC635-86AD-4B80-9A53-4981B7569945} = {9C01E7A3-5F44-4E88-920F-1704B2F2C46B}
		{35101FCE-D2B0-437B-B694-B0E04DD0BC3C} = {9C01E7A3-5F44-4E88-920F-1704B2F2C46B}
		{232647D8-8CA8-4F02-91B9-72EE17E99DD1} = {9C01E7A3-5F44-4E88-920F-1704B2F2C46B}
		{59D58F7E-EC28-4E70-BBC3-5D02B577BD11} = {9C01E7A3-5F44-4E88-920F-1704B2F2C46B}
		{F973DBC2-F3BA-4160-839B-8491E6827E3B} = {9C01E7A3-5F44-4E88-920F-1704B2F2C46B}
		{D51C4CE3-0473-4DDF-9F0C-B3022E493DBD} = {9C01E7A3-5F44-4E88-920F-1704B2F2C46B}
		{B2C97ADC-27B4-403F-989D-A338CE82867A} = {9C01E7A3-5F44-4E88-920F-1704B2F2C46B}
		{7C300A26-FB3C-4D98-B3D4-32CBF54FD51C} = {9C01E7A3-5F44-4E88-920F-1704B2F2C46B}
		{1495A077-81F0-4B8B-9586-D25B308760FE} = {805D84D3-0603-48E8-B7EC-96055C3EB58A}
		{A0B081A6-E257-4169-94AC-FB3729DD2A88} = {9C01E7A3-5F44-4E88-920F-1704B2F2C46B}
		{93B60767-37E3-4A1C-B3D7-BBA256B823AD} = {9C01E7A3-5F44-4E88-920F-1704B2F2C46B}
		{18183397-F6C3-4964-8591-CD61C598FF4E} = {9C01E7A3-5F44-4E88-920F-1704B2F2C46B}
		{3FB2093B-8AD2-4071-BA18-FA5BB31B09ED} = {9C01E7A3-5F44-4E88-920F-1704B2F2C46B}
	EndGlobalSection
	GlobalSection(ExtensibilityGlobals) = postSolution
		SolutionGuid = {56ED6544-64AE-4AA9-8549-7860F927C495}
	EndGlobalSection
EndGlobal
