
Microsoft Visual Studio Solution File, Format Version 12.00
# Visual Studio Version 16
VisualStudioVersion = 16.0.28803.156
MinimumVisualStudioVersion = 10.0.40219.1
Project("{FAE04EC0-301F-11D3-BF4B-00C04F79EFBC}") = "AutoRender.Messaging", "Common\AutoRender.Messaging\AutoRender.Messaging.csproj", "{35101FCE-D2B0-437B-B694-B0E04DD0BC3C}"
EndProject
Project("{FAE04EC0-301F-11D3-BF4B-00C04F79EFBC}") = "CrazyUtils", "Common\CrazyUtils\CrazyUtils.csproj", "{232647D8-8CA8-4F02-91B9-72EE17E99DD1}"
EndProject
Project("{FAE04EC0-301F-11D3-BF4B-00C04F79EFBC}") = "AutoRender.Server", "Server\AutoRender.Server\AutoRender.Server.csproj", "{7ECC99B6-75A2-43AA-934A-F41CE749DAC9}"
EndProject
Project("{FAE04EC0-301F-11D3-BF4B-00C04F79EFBC}") = "AutoRender.Data", "Common\AutoRender.Data\AutoRender.Data.csproj", "{59D58F7E-EC28-4E70-BBC3-5D02B577BD11}"
EndProject
Project("{FAE04EC0-301F-11D3-BF4B-00C04F79EFBC}") = "AutoRender.Workspace", "Server\AutoRender.Workspace\AutoRender.Workspace.csproj", "{5ABE5F5A-6FD0-4DB7-A045-00ED6E91C473}"
EndProject
Project("{FAE04EC0-301F-11D3-BF4B-00C04F79EFBC}") = "AutoRender.Video", "Server\AutoRender.Video\AutoRender.Video.csproj", "{877CEFBC-C28A-4326-BD90-3F5950BB53ED}"
EndProject
Project("{FAE04EC0-301F-11D3-BF4B-00C04F79EFBC}") = "AutoRender.MLT", "Server\AutoRender.MLT\AutoRender.MLT.csproj", "{0E9A1E35-BA14-4823-83FB-7BDC64C18F91}"
EndProject
Project("{FAE04EC0-301F-11D3-BF4B-00C04F79EFBC}") = "AutoRender.Subscription.Messaging", "Common\AutoRender.Subscription.Messaging\AutoRender.Subscription.Messaging.csproj", "{F973DBC2-F3BA-4160-839B-8491E6827E3B}"
EndProject
Project("{FAE04EC0-301F-11D3-BF4B-00C04F79EFBC}") = "AutoRender.Messaging.Actions", "Server\AutoRender.Messaging.Actions\AutoRender.Messaging.Actions.csproj", "{A35BCC76-8ECE-436F-8DF7-B7AA12DA13BB}"
EndProject
Project("{FAE04EC0-301F-11D3-BF4B-00C04F79EFBC}") = "AutoRender.Logging", "Common\AutoRender.Logging\AutoRender.Logging.csproj", "{D51C4CE3-0473-4DDF-9F0C-B3022E493DBD}"
EndProject
Project("{FAE04EC0-301F-11D3-BF4B-00C04F79EFBC}") = "Mitto.Config", "Lib\mitto\src\Mitto.Config\Mitto.Config.csproj", "{E3E0D40D-99AC-4ED4-9E64-19CDC10813B0}"
EndProject
Project("{FAE04EC0-301F-11D3-BF4B-00C04F79EFBC}") = "Mitto.Connection.Websocket", "Lib\mitto\src\Mitto.Connection.Websocket\Mitto.Connection.Websocket.csproj", "{5557B374-341E-4176-9D46-BE8606136ADA}"
EndProject
Project("{FAE04EC0-301F-11D3-BF4B-00C04F79EFBC}") = "Mitto.IConnection", "Lib\mitto\src\Mitto.IConnection\Mitto.IConnection.csproj", "{AAF65EBA-E48D-491A-AD2E-525BDE11EC6F}"
EndProject
Project("{FAE04EC0-301F-11D3-BF4B-00C04F79EFBC}") = "Mitto.IMessaging", "Lib\mitto\src\Mitto.IMessaging\Mitto.IMessaging.csproj", "{3BB1C211-9006-4FEE-9F40-7556717431B0}"
EndProject
Project("{FAE04EC0-301F-11D3-BF4B-00C04F79EFBC}") = "Mitto.IRouting", "Lib\mitto\src\Mitto.IRouting\Mitto.IRouting.csproj", "{7A80E47B-C82F-4A16-83F0-E0C65F22885A}"
EndProject
Project("{FAE04EC0-301F-11D3-BF4B-00C04F79EFBC}") = "Mitto.Logging", "Lib\mitto\src\Mitto.Logging\Mitto.Logging.csproj", "{B54DE51C-A462-43A7-90C2-6A39E1865300}"
EndProject
Project("{FAE04EC0-301F-11D3-BF4B-00C04F79EFBC}") = "Mitto.Messaging", "Lib\mitto\src\Mitto.Messaging\Mitto.Messaging.csproj", "{C29037E3-9C2F-4996-8434-36600735D465}"
EndProject
Project("{FAE04EC0-301F-11D3-BF4B-00C04F79EFBC}") = "Mitto.Messaging.Json", "Lib\mitto\src\Mitto.Messaging.Json\Mitto.Messaging.Json.csproj", "{786F3627-BC95-4C92-9240-B0CD3D8BBB58}"
EndProject
Project("{FAE04EC0-301F-11D3-BF4B-00C04F79EFBC}") = "Mitto.Routing.PassThrough", "Lib\mitto\src\Mitto.Routing.PassThrough\Mitto.Routing.PassThrough.csproj", "{CE5F0847-F8B5-4B95-8E86-E007FCDC92A3}"
EndProject
Project("{FAE04EC0-301F-11D3-BF4B-00C04F79EFBC}") = "Mitto.Subscription.Messaging", "Lib\mitto\src\Mitto.Subscription.Messaging\Mitto.Subscription.Messaging.csproj", "{5D420F78-C169-4615-ACB2-A039BF8ACBD6}"
EndProject
Project("{FAE04EC0-301F-11D3-BF4B-00C04F79EFBC}") = "Mitto.Utilities", "Lib\mitto\src\Mitto.Utilities\Mitto.Utilities.csproj", "{D184BF09-FD6D-4F36-BC6E-BF05E763E3AC}"
EndProject
Project("{FAE04EC0-301F-11D3-BF4B-00C04F79EFBC}") = "websocket-sharp", "Lib\mitto\src\Lib\websocketsharp\websocket-sharp\websocket-sharp.csproj", "{B357BAC7-529E-4D81-A0D2-71041B19C8DE}"
EndProject
Project("{FAE04EC0-301F-11D3-BF4B-00C04F79EFBC}") = "Mitto.Routing", "Lib\mitto\src\Mitto.Routing\Mitto.Routing.csproj", "{6FFEFEF0-8B67-45C8-9ABA-A1E6D276B1C2}"
EndProject
Project("{FAE04EC0-301F-11D3-BF4B-00C04F79EFBC}") = "Mitto.Subscription.IMessaging", "Lib\mitto\src\Mitto.Subscription.IMessaging\Mitto.Subscription.IMessaging.csproj", "{9FF69878-E3D3-459D-A779-A6CB0091DE75}"
EndProject
Project("{FAE04EC0-301F-11D3-BF4B-00C04F79EFBC}") = "Mitto", "Lib\mitto\src\Mitto.Main\Mitto.csproj", "{958222ED-4BA0-45DD-92E5-6B72BA62ABA6}"
EndProject
Project("{FAE04EC0-301F-11D3-BF4B-00C04F79EFBC}") = "AutoRender.Logging-Devel", "Common\AutoRender.Logging\AutoRender.Logging-Devel.csproj", "{AAC4FB16-95FC-4D70-8BB0-916C760E3978}"
EndProject
Project("{FAE04EC0-301F-11D3-BF4B-00C04F79EFBC}") = "AutoRender.Service-Devel", "Server\AutoRender.Service\AutoRender.Service-Devel.csproj", "{C4BA79BE-2094-4B71-A84C-E4ACABDE3958}"
EndProject
Project("{FAE04EC0-301F-11D3-BF4B-00C04F79EFBC}") = "AutoRender.Messaging-Devel", "Common\AutoRender.Messaging\AutoRender.Messaging-Devel.csproj", "{1BAF5E8C-4A8C-48CE-96F9-DB45F2980A47}"
EndProject
Project("{FAE04EC0-301F-11D3-BF4B-00C04F79EFBC}") = "AutoRender.Subscription.Messaging-Devel", "Common\AutoRender.Subscription.Messaging\AutoRender.Subscription.Messaging-Devel.csproj", "{3A84B4ED-CEBC-4D32-B094-272917D6E5C6}"
EndProject
Project("{FAE04EC0-301F-11D3-BF4B-00C04F79EFBC}") = "AutoRender.Messaging.Actions-Devel", "Server\AutoRender.Messaging.Actions\AutoRender.Messaging.Actions-Devel.csproj", "{246967F3-4261-4C80-BEF9-4437FDA84388}"
EndProject
Project("{FAE04EC0-301F-11D3-BF4B-00C04F79EFBC}") = "AutoRender.Server-Devel", "Server\AutoRender.Server\AutoRender.Server-Devel.csproj", "{549BC411-DDBA-4F07-B904-8F85C820BBD2}"
EndProject
Project("{FAE04EC0-301F-11D3-BF4B-00C04F79EFBC}") = "Mitto.Connection.WebsocketSharp", "Lib\mitto\src\Mitto.Connection.WebsocketSharp\Mitto.Connection.WebsocketSharp.csproj", "{CF99D3F2-2C06-4A9F-BA22-E2E0CA457B58}"
EndProject
Project("{FAE04EC0-301F-11D3-BF4B-00C04F79EFBC}") = "AutoRender.Video-Debug", "Server\AutoRender.Video\AutoRender.Video-Debug.csproj", "{3415EEAE-F02C-4D2D-980A-86F597A4A74C}"
EndProject
Project("{FAE04EC0-301F-11D3-BF4B-00C04F79EFBC}") = "AutoRender.MLT-Debug", "Server\AutoRender.MLT\AutoRender.MLT-Debug.csproj", "{8B35EBCE-B31C-463A-8011-4986560252C3}"
EndProject
Project("{FAE04EC0-301F-11D3-BF4B-00C04F79EFBC}") = "AutoRender.Workspace-Debug", "Server\AutoRender.Workspace\AutoRender.Workspace-Debug.csproj", "{B668B03E-B8FD-4C4A-BE79-3A96BAB7AD8C}"
EndProject
Project("{930C7802-8A8C-48F9-8165-68863BCCD9DD}") = "AutoRender.Server.Installer", "Server\AutoRender.Server.Installer\AutoRender.Server.Installer.wixproj", "{4664C6F5-1A94-4AC0-A8BE-49C03F3B276A}"
EndProject
Project("{2150E333-8FDC-42A3-9474-1A3956D46DE8}") = "CodeBase", "CodeBase", "{9DE608E6-1314-4E4A-BBAA-DFB3D7E7384C}"
EndProject
Project("{2150E333-8FDC-42A3-9474-1A3956D46DE8}") = "UnitTests", "UnitTests", "{90EC905E-08D7-4890-818B-0C8E067E19B0}"
EndProject
Project("{2150E333-8FDC-42A3-9474-1A3956D46DE8}") = "Installer", "Installer", "{04C1F2F8-6678-4351-90F6-6D8E9489D0E5}"
EndProject
Project("{FAE04EC0-301F-11D3-BF4B-00C04F79EFBC}") = "AutoRender.Server.Config", "Server\Autorender.Server.Config\AutoRender.Server.Config.csproj", "{0862EF44-859A-4922-8EB7-7BFB66199C5C}"
EndProject
Global
	GlobalSection(SolutionConfigurationPlatforms) = preSolution
		Debug_Ubuntu|Any CPU = Debug_Ubuntu|Any CPU
		Debug_Ubuntu|x64 = Debug_Ubuntu|x64
		Debug_Ubuntu|x86 = Debug_Ubuntu|x86
		Debug|Any CPU = Debug|Any CPU
		Debug|x64 = Debug|x64
		Debug|x86 = Debug|x86
		Release_Ubuntu|Any CPU = Release_Ubuntu|Any CPU
		Release_Ubuntu|x64 = Release_Ubuntu|x64
		Release_Ubuntu|x86 = Release_Ubuntu|x86
		Release|Any CPU = Release|Any CPU
		Release|x64 = Release|x64
		Release|x86 = Release|x86
	EndGlobalSection
	GlobalSection(ProjectConfigurationPlatforms) = postSolution
		{35101FCE-D2B0-437B-B694-B0E04DD0BC3C}.Debug_Ubuntu|Any CPU.ActiveCfg = Debug|Any CPU
		{35101FCE-D2B0-437B-B694-B0E04DD0BC3C}.Debug_Ubuntu|Any CPU.Build.0 = Debug|Any CPU
		{35101FCE-D2B0-437B-B694-B0E04DD0BC3C}.Debug_Ubuntu|x64.ActiveCfg = Debug|x64
		{35101FCE-D2B0-437B-B694-B0E04DD0BC3C}.Debug_Ubuntu|x64.Build.0 = Debug|x64
		{35101FCE-D2B0-437B-B694-B0E04DD0BC3C}.Debug_Ubuntu|x86.ActiveCfg = Debug|Any CPU
		{35101FCE-D2B0-437B-B694-B0E04DD0BC3C}.Debug|Any CPU.ActiveCfg = Debug|Any CPU
		{35101FCE-D2B0-437B-B694-B0E04DD0BC3C}.Debug|Any CPU.Build.0 = Debug|Any CPU
		{35101FCE-D2B0-437B-B694-B0E04DD0BC3C}.Debug|x64.ActiveCfg = Debug|x64
		{35101FCE-D2B0-437B-B694-B0E04DD0BC3C}.Debug|x64.Build.0 = Debug|x64
		{35101FCE-D2B0-437B-B694-B0E04DD0BC3C}.Debug|x86.ActiveCfg = Debug|Any CPU
		{35101FCE-D2B0-437B-B694-B0E04DD0BC3C}.Release_Ubuntu|Any CPU.ActiveCfg = Debug|Any CPU
		{35101FCE-D2B0-437B-B694-B0E04DD0BC3C}.Release_Ubuntu|Any CPU.Build.0 = Debug|Any CPU
		{35101FCE-D2B0-437B-B694-B0E04DD0BC3C}.Release_Ubuntu|x64.ActiveCfg = Release|x64
		{35101FCE-D2B0-437B-B694-B0E04DD0BC3C}.Release_Ubuntu|x64.Build.0 = Release|x64
		{35101FCE-D2B0-437B-B694-B0E04DD0BC3C}.Release_Ubuntu|x86.ActiveCfg = Debug|Any CPU
		{35101FCE-D2B0-437B-B694-B0E04DD0BC3C}.Release|Any CPU.ActiveCfg = Debug|Any CPU
		{35101FCE-D2B0-437B-B694-B0E04DD0BC3C}.Release|Any CPU.Build.0 = Debug|Any CPU
		{35101FCE-D2B0-437B-B694-B0E04DD0BC3C}.Release|x64.ActiveCfg = Release|x64
		{35101FCE-D2B0-437B-B694-B0E04DD0BC3C}.Release|x64.Build.0 = Release|x64
		{35101FCE-D2B0-437B-B694-B0E04DD0BC3C}.Release|x86.ActiveCfg = Release|x64
		{232647D8-8CA8-4F02-91B9-72EE17E99DD1}.Debug_Ubuntu|Any CPU.ActiveCfg = Debug|Any CPU
		{232647D8-8CA8-4F02-91B9-72EE17E99DD1}.Debug_Ubuntu|Any CPU.Build.0 = Debug|Any CPU
		{232647D8-8CA8-4F02-91B9-72EE17E99DD1}.Debug_Ubuntu|x64.ActiveCfg = Debug|x64
		{232647D8-8CA8-4F02-91B9-72EE17E99DD1}.Debug_Ubuntu|x64.Build.0 = Debug|x64
		{232647D8-8CA8-4F02-91B9-72EE17E99DD1}.Debug_Ubuntu|x86.ActiveCfg = Debug|Any CPU
		{232647D8-8CA8-4F02-91B9-72EE17E99DD1}.Debug_Ubuntu|x86.Build.0 = Debug|Any CPU
		{232647D8-8CA8-4F02-91B9-72EE17E99DD1}.Debug|Any CPU.ActiveCfg = Debug|Any CPU
		{232647D8-8CA8-4F02-91B9-72EE17E99DD1}.Debug|Any CPU.Build.0 = Debug|Any CPU
		{232647D8-8CA8-4F02-91B9-72EE17E99DD1}.Debug|x64.ActiveCfg = Debug|x64
		{232647D8-8CA8-4F02-91B9-72EE17E99DD1}.Debug|x64.Build.0 = Debug|x64
		{232647D8-8CA8-4F02-91B9-72EE17E99DD1}.Debug|x86.ActiveCfg = Debug|Any CPU
		{232647D8-8CA8-4F02-91B9-72EE17E99DD1}.Debug|x86.Build.0 = Debug|Any CPU
		{232647D8-8CA8-4F02-91B9-72EE17E99DD1}.Release_Ubuntu|Any CPU.ActiveCfg = Debug|Any CPU
		{232647D8-8CA8-4F02-91B9-72EE17E99DD1}.Release_Ubuntu|Any CPU.Build.0 = Debug|Any CPU
		{232647D8-8CA8-4F02-91B9-72EE17E99DD1}.Release_Ubuntu|x64.ActiveCfg = Release|x64
		{232647D8-8CA8-4F02-91B9-72EE17E99DD1}.Release_Ubuntu|x64.Build.0 = Release|x64
		{232647D8-8CA8-4F02-91B9-72EE17E99DD1}.Release_Ubuntu|x86.ActiveCfg = Release|Any CPU
		{232647D8-8CA8-4F02-91B9-72EE17E99DD1}.Release_Ubuntu|x86.Build.0 = Release|Any CPU
		{232647D8-8CA8-4F02-91B9-72EE17E99DD1}.Release|Any CPU.ActiveCfg = Debug|Any CPU
		{232647D8-8CA8-4F02-91B9-72EE17E99DD1}.Release|Any CPU.Build.0 = Debug|Any CPU
		{232647D8-8CA8-4F02-91B9-72EE17E99DD1}.Release|x64.ActiveCfg = Release|x64
		{232647D8-8CA8-4F02-91B9-72EE17E99DD1}.Release|x64.Build.0 = Release|x64
		{232647D8-8CA8-4F02-91B9-72EE17E99DD1}.Release|x86.ActiveCfg = Release|Any CPU
		{232647D8-8CA8-4F02-91B9-72EE17E99DD1}.Release|x86.Build.0 = Release|Any CPU
		{7ECC99B6-75A2-43AA-934A-F41CE749DAC9}.Debug_Ubuntu|Any CPU.ActiveCfg = Debug|Any CPU
		{7ECC99B6-75A2-43AA-934A-F41CE749DAC9}.Debug_Ubuntu|Any CPU.Build.0 = Debug|Any CPU
		{7ECC99B6-75A2-43AA-934A-F41CE749DAC9}.Debug_Ubuntu|x64.ActiveCfg = Debug|Any CPU
		{7ECC99B6-75A2-43AA-934A-F41CE749DAC9}.Debug_Ubuntu|x64.Build.0 = Debug|Any CPU
		{7ECC99B6-75A2-43AA-934A-F41CE749DAC9}.Debug_Ubuntu|x86.ActiveCfg = Debug|Any CPU
		{7ECC99B6-75A2-43AA-934A-F41CE749DAC9}.Debug|Any CPU.ActiveCfg = Debug|Any CPU
		{7ECC99B6-75A2-43AA-934A-F41CE749DAC9}.Debug|Any CPU.Build.0 = Debug|Any CPU
		{7ECC99B6-75A2-43AA-934A-F41CE749DAC9}.Debug|x64.ActiveCfg = Debug|Any CPU
		{7ECC99B6-75A2-43AA-934A-F41CE749DAC9}.Debug|x64.Build.0 = Debug|Any CPU
		{7ECC99B6-75A2-43AA-934A-F41CE749DAC9}.Debug|x86.ActiveCfg = Debug|Any CPU
		{7ECC99B6-75A2-43AA-934A-F41CE749DAC9}.Release_Ubuntu|Any CPU.ActiveCfg = Debug|Any CPU
		{7ECC99B6-75A2-43AA-934A-F41CE749DAC9}.Release_Ubuntu|Any CPU.Build.0 = Debug|Any CPU
		{7ECC99B6-75A2-43AA-934A-F41CE749DAC9}.Release_Ubuntu|x64.ActiveCfg = Release|Any CPU
		{7ECC99B6-75A2-43AA-934A-F41CE749DAC9}.Release_Ubuntu|x64.Build.0 = Release|Any CPU
		{7ECC99B6-75A2-43AA-934A-F41CE749DAC9}.Release_Ubuntu|x86.ActiveCfg = Release|Any CPU
		{7ECC99B6-75A2-43AA-934A-F41CE749DAC9}.Release|Any CPU.ActiveCfg = Release|Any CPU
		{7ECC99B6-75A2-43AA-934A-F41CE749DAC9}.Release|Any CPU.Build.0 = Release|Any CPU
		{7ECC99B6-75A2-43AA-934A-F41CE749DAC9}.Release|x64.ActiveCfg = Release|Any CPU
		{7ECC99B6-75A2-43AA-934A-F41CE749DAC9}.Release|x64.Build.0 = Release|Any CPU
		{7ECC99B6-75A2-43AA-934A-F41CE749DAC9}.Release|x86.ActiveCfg = Release|Any CPU
		{59D58F7E-EC28-4E70-BBC3-5D02B577BD11}.Debug_Ubuntu|Any CPU.ActiveCfg = Debug|Any CPU
		{59D58F7E-EC28-4E70-BBC3-5D02B577BD11}.Debug_Ubuntu|Any CPU.Build.0 = Debug|Any CPU
		{59D58F7E-EC28-4E70-BBC3-5D02B577BD11}.Debug_Ubuntu|x64.ActiveCfg = Debug|Any CPU
		{59D58F7E-EC28-4E70-BBC3-5D02B577BD11}.Debug_Ubuntu|x64.Build.0 = Debug|Any CPU
		{59D58F7E-EC28-4E70-BBC3-5D02B577BD11}.Debug_Ubuntu|x86.ActiveCfg = Debug|Any CPU
		{59D58F7E-EC28-4E70-BBC3-5D02B577BD11}.Debug_Ubuntu|x86.Build.0 = Debug|Any CPU
		{59D58F7E-EC28-4E70-BBC3-5D02B577BD11}.Debug|Any CPU.ActiveCfg = Debug|Any CPU
		{59D58F7E-EC28-4E70-BBC3-5D02B577BD11}.Debug|Any CPU.Build.0 = Debug|Any CPU
		{59D58F7E-EC28-4E70-BBC3-5D02B577BD11}.Debug|x64.ActiveCfg = Debug|Any CPU
		{59D58F7E-EC28-4E70-BBC3-5D02B577BD11}.Debug|x64.Build.0 = Debug|Any CPU
		{59D58F7E-EC28-4E70-BBC3-5D02B577BD11}.Debug|x86.ActiveCfg = Debug|Any CPU
		{59D58F7E-EC28-4E70-BBC3-5D02B577BD11}.Debug|x86.Build.0 = Debug|Any CPU
		{59D58F7E-EC28-4E70-BBC3-5D02B577BD11}.Release_Ubuntu|Any CPU.ActiveCfg = Debug|Any CPU
		{59D58F7E-EC28-4E70-BBC3-5D02B577BD11}.Release_Ubuntu|Any CPU.Build.0 = Debug|Any CPU
		{59D58F7E-EC28-4E70-BBC3-5D02B577BD11}.Release_Ubuntu|x64.ActiveCfg = Release|Any CPU
		{59D58F7E-EC28-4E70-BBC3-5D02B577BD11}.Release_Ubuntu|x64.Build.0 = Release|Any CPU
		{59D58F7E-EC28-4E70-BBC3-5D02B577BD11}.Release_Ubuntu|x86.ActiveCfg = Release|Any CPU
		{59D58F7E-EC28-4E70-BBC3-5D02B577BD11}.Release_Ubuntu|x86.Build.0 = Release|Any CPU
		{59D58F7E-EC28-4E70-BBC3-5D02B577BD11}.Release|Any CPU.ActiveCfg = Release|Any CPU
		{59D58F7E-EC28-4E70-BBC3-5D02B577BD11}.Release|Any CPU.Build.0 = Release|Any CPU
		{59D58F7E-EC28-4E70-BBC3-5D02B577BD11}.Release|x64.ActiveCfg = Release|Any CPU
		{59D58F7E-EC28-4E70-BBC3-5D02B577BD11}.Release|x64.Build.0 = Release|Any CPU
		{59D58F7E-EC28-4E70-BBC3-5D02B577BD11}.Release|x86.ActiveCfg = Release|Any CPU
		{59D58F7E-EC28-4E70-BBC3-5D02B577BD11}.Release|x86.Build.0 = Release|Any CPU
		{5ABE5F5A-6FD0-4DB7-A045-00ED6E91C473}.Debug_Ubuntu|Any CPU.ActiveCfg = Debug|Any CPU
		{5ABE5F5A-6FD0-4DB7-A045-00ED6E91C473}.Debug_Ubuntu|Any CPU.Build.0 = Debug|Any CPU
		{5ABE5F5A-6FD0-4DB7-A045-00ED6E91C473}.Debug_Ubuntu|x64.ActiveCfg = Debug|Any CPU
		{5ABE5F5A-6FD0-4DB7-A045-00ED6E91C473}.Debug_Ubuntu|x64.Build.0 = Debug|Any CPU
		{5ABE5F5A-6FD0-4DB7-A045-00ED6E91C473}.Debug_Ubuntu|x86.ActiveCfg = Debug|Any CPU
		{5ABE5F5A-6FD0-4DB7-A045-00ED6E91C473}.Debug|Any CPU.ActiveCfg = Debug|Any CPU
		{5ABE5F5A-6FD0-4DB7-A045-00ED6E91C473}.Debug|Any CPU.Build.0 = Debug|Any CPU
		{5ABE5F5A-6FD0-4DB7-A045-00ED6E91C473}.Debug|x64.ActiveCfg = Debug|Any CPU
		{5ABE5F5A-6FD0-4DB7-A045-00ED6E91C473}.Debug|x64.Build.0 = Debug|Any CPU
		{5ABE5F5A-6FD0-4DB7-A045-00ED6E91C473}.Debug|x86.ActiveCfg = Debug|Any CPU
		{5ABE5F5A-6FD0-4DB7-A045-00ED6E91C473}.Release_Ubuntu|Any CPU.ActiveCfg = Debug|Any CPU
		{5ABE5F5A-6FD0-4DB7-A045-00ED6E91C473}.Release_Ubuntu|Any CPU.Build.0 = Debug|Any CPU
		{5ABE5F5A-6FD0-4DB7-A045-00ED6E91C473}.Release_Ubuntu|x64.ActiveCfg = Release|Any CPU
		{5ABE5F5A-6FD0-4DB7-A045-00ED6E91C473}.Release_Ubuntu|x64.Build.0 = Release|Any CPU
		{5ABE5F5A-6FD0-4DB7-A045-00ED6E91C473}.Release_Ubuntu|x86.ActiveCfg = Release|Any CPU
		{5ABE5F5A-6FD0-4DB7-A045-00ED6E91C473}.Release|Any CPU.ActiveCfg = Release|Any CPU
		{5ABE5F5A-6FD0-4DB7-A045-00ED6E91C473}.Release|Any CPU.Build.0 = Release|Any CPU
		{5ABE5F5A-6FD0-4DB7-A045-00ED6E91C473}.Release|x64.ActiveCfg = Release|Any CPU
		{5ABE5F5A-6FD0-4DB7-A045-00ED6E91C473}.Release|x64.Build.0 = Release|Any CPU
		{5ABE5F5A-6FD0-4DB7-A045-00ED6E91C473}.Release|x86.ActiveCfg = Release|Any CPU
		{877CEFBC-C28A-4326-BD90-3F5950BB53ED}.Debug_Ubuntu|Any CPU.ActiveCfg = Debug|Any CPU
		{877CEFBC-C28A-4326-BD90-3F5950BB53ED}.Debug_Ubuntu|Any CPU.Build.0 = Debug|Any CPU
		{877CEFBC-C28A-4326-BD90-3F5950BB53ED}.Debug_Ubuntu|x64.ActiveCfg = Debug|Any CPU
		{877CEFBC-C28A-4326-BD90-3F5950BB53ED}.Debug_Ubuntu|x64.Build.0 = Debug|Any CPU
		{877CEFBC-C28A-4326-BD90-3F5950BB53ED}.Debug_Ubuntu|x86.ActiveCfg = Debug|Any CPU
		{877CEFBC-C28A-4326-BD90-3F5950BB53ED}.Debug_Ubuntu|x86.Build.0 = Debug|Any CPU
		{877CEFBC-C28A-4326-BD90-3F5950BB53ED}.Debug|Any CPU.ActiveCfg = Debug|Any CPU
		{877CEFBC-C28A-4326-BD90-3F5950BB53ED}.Debug|Any CPU.Build.0 = Debug|Any CPU
		{877CEFBC-C28A-4326-BD90-3F5950BB53ED}.Debug|x64.ActiveCfg = Debug|Any CPU
		{877CEFBC-C28A-4326-BD90-3F5950BB53ED}.Debug|x64.Build.0 = Debug|Any CPU
		{877CEFBC-C28A-4326-BD90-3F5950BB53ED}.Debug|x86.ActiveCfg = Debug|Any CPU
		{877CEFBC-C28A-4326-BD90-3F5950BB53ED}.Debug|x86.Build.0 = Debug|Any CPU
		{877CEFBC-C28A-4326-BD90-3F5950BB53ED}.Release_Ubuntu|Any CPU.ActiveCfg = Debug|Any CPU
		{877CEFBC-C28A-4326-BD90-3F5950BB53ED}.Release_Ubuntu|Any CPU.Build.0 = Debug|Any CPU
		{877CEFBC-C28A-4326-BD90-3F5950BB53ED}.Release_Ubuntu|x64.ActiveCfg = Release|Any CPU
		{877CEFBC-C28A-4326-BD90-3F5950BB53ED}.Release_Ubuntu|x64.Build.0 = Release|Any CPU
		{877CEFBC-C28A-4326-BD90-3F5950BB53ED}.Release_Ubuntu|x86.ActiveCfg = Release|Any CPU
		{877CEFBC-C28A-4326-BD90-3F5950BB53ED}.Release_Ubuntu|x86.Build.0 = Release|Any CPU
		{877CEFBC-C28A-4326-BD90-3F5950BB53ED}.Release|Any CPU.ActiveCfg = Release|Any CPU
		{877CEFBC-C28A-4326-BD90-3F5950BB53ED}.Release|Any CPU.Build.0 = Release|Any CPU
		{877CEFBC-C28A-4326-BD90-3F5950BB53ED}.Release|x64.ActiveCfg = Release|Any CPU
		{877CEFBC-C28A-4326-BD90-3F5950BB53ED}.Release|x64.Build.0 = Release|Any CPU
		{877CEFBC-C28A-4326-BD90-3F5950BB53ED}.Release|x86.ActiveCfg = Release|Any CPU
		{877CEFBC-C28A-4326-BD90-3F5950BB53ED}.Release|x86.Build.0 = Release|Any CPU
		{0E9A1E35-BA14-4823-83FB-7BDC64C18F91}.Debug_Ubuntu|Any CPU.ActiveCfg = Debug|Any CPU
		{0E9A1E35-BA14-4823-83FB-7BDC64C18F91}.Debug_Ubuntu|Any CPU.Build.0 = Debug|Any CPU
		{0E9A1E35-BA14-4823-83FB-7BDC64C18F91}.Debug_Ubuntu|x64.ActiveCfg = Debug|Any CPU
		{0E9A1E35-BA14-4823-83FB-7BDC64C18F91}.Debug_Ubuntu|x64.Build.0 = Debug|Any CPU
		{0E9A1E35-BA14-4823-83FB-7BDC64C18F91}.Debug_Ubuntu|x86.ActiveCfg = Debug|Any CPU
		{0E9A1E35-BA14-4823-83FB-7BDC64C18F91}.Debug|Any CPU.ActiveCfg = Debug|Any CPU
		{0E9A1E35-BA14-4823-83FB-7BDC64C18F91}.Debug|Any CPU.Build.0 = Debug|Any CPU
		{0E9A1E35-BA14-4823-83FB-7BDC64C18F91}.Debug|x64.ActiveCfg = Debug|Any CPU
		{0E9A1E35-BA14-4823-83FB-7BDC64C18F91}.Debug|x64.Build.0 = Debug|Any CPU
		{0E9A1E35-BA14-4823-83FB-7BDC64C18F91}.Debug|x86.ActiveCfg = Debug|Any CPU
		{0E9A1E35-BA14-4823-83FB-7BDC64C18F91}.Release_Ubuntu|Any CPU.ActiveCfg = Debug|Any CPU
		{0E9A1E35-BA14-4823-83FB-7BDC64C18F91}.Release_Ubuntu|Any CPU.Build.0 = Debug|Any CPU
		{0E9A1E35-BA14-4823-83FB-7BDC64C18F91}.Release_Ubuntu|x64.ActiveCfg = Release|Any CPU
		{0E9A1E35-BA14-4823-83FB-7BDC64C18F91}.Release_Ubuntu|x64.Build.0 = Release|Any CPU
		{0E9A1E35-BA14-4823-83FB-7BDC64C18F91}.Release_Ubuntu|x86.ActiveCfg = Release|Any CPU
		{0E9A1E35-BA14-4823-83FB-7BDC64C18F91}.Release|Any CPU.ActiveCfg = Release|Any CPU
		{0E9A1E35-BA14-4823-83FB-7BDC64C18F91}.Release|Any CPU.Build.0 = Release|Any CPU
		{0E9A1E35-BA14-4823-83FB-7BDC64C18F91}.Release|x64.ActiveCfg = Release|Any CPU
		{0E9A1E35-BA14-4823-83FB-7BDC64C18F91}.Release|x64.Build.0 = Release|Any CPU
		{0E9A1E35-BA14-4823-83FB-7BDC64C18F91}.Release|x86.ActiveCfg = Release|Any CPU
		{F973DBC2-F3BA-4160-839B-8491E6827E3B}.Debug_Ubuntu|Any CPU.ActiveCfg = Debug|Any CPU
		{F973DBC2-F3BA-4160-839B-8491E6827E3B}.Debug_Ubuntu|Any CPU.Build.0 = Debug|Any CPU
		{F973DBC2-F3BA-4160-839B-8491E6827E3B}.Debug_Ubuntu|x64.ActiveCfg = Debug|Any CPU
		{F973DBC2-F3BA-4160-839B-8491E6827E3B}.Debug_Ubuntu|x64.Build.0 = Debug|Any CPU
		{F973DBC2-F3BA-4160-839B-8491E6827E3B}.Debug_Ubuntu|x86.ActiveCfg = Debug|Any CPU
		{F973DBC2-F3BA-4160-839B-8491E6827E3B}.Debug|Any CPU.ActiveCfg = Debug|Any CPU
		{F973DBC2-F3BA-4160-839B-8491E6827E3B}.Debug|Any CPU.Build.0 = Debug|Any CPU
		{F973DBC2-F3BA-4160-839B-8491E6827E3B}.Debug|x64.ActiveCfg = Debug|Any CPU
		{F973DBC2-F3BA-4160-839B-8491E6827E3B}.Debug|x64.Build.0 = Debug|Any CPU
		{F973DBC2-F3BA-4160-839B-8491E6827E3B}.Debug|x86.ActiveCfg = Debug|Any CPU
		{F973DBC2-F3BA-4160-839B-8491E6827E3B}.Release_Ubuntu|Any CPU.ActiveCfg = Debug|Any CPU
		{F973DBC2-F3BA-4160-839B-8491E6827E3B}.Release_Ubuntu|Any CPU.Build.0 = Debug|Any CPU
		{F973DBC2-F3BA-4160-839B-8491E6827E3B}.Release_Ubuntu|x64.ActiveCfg = Release|Any CPU
		{F973DBC2-F3BA-4160-839B-8491E6827E3B}.Release_Ubuntu|x64.Build.0 = Release|Any CPU
		{F973DBC2-F3BA-4160-839B-8491E6827E3B}.Release_Ubuntu|x86.ActiveCfg = Release|Any CPU
		{F973DBC2-F3BA-4160-839B-8491E6827E3B}.Release|Any CPU.ActiveCfg = Release|Any CPU
		{F973DBC2-F3BA-4160-839B-8491E6827E3B}.Release|Any CPU.Build.0 = Release|Any CPU
		{F973DBC2-F3BA-4160-839B-8491E6827E3B}.Release|x64.ActiveCfg = Release|Any CPU
		{F973DBC2-F3BA-4160-839B-8491E6827E3B}.Release|x64.Build.0 = Release|Any CPU
		{F973DBC2-F3BA-4160-839B-8491E6827E3B}.Release|x86.ActiveCfg = Release|Any CPU
		{A35BCC76-8ECE-436F-8DF7-B7AA12DA13BB}.Debug_Ubuntu|Any CPU.ActiveCfg = Debug|Any CPU
		{A35BCC76-8ECE-436F-8DF7-B7AA12DA13BB}.Debug_Ubuntu|Any CPU.Build.0 = Debug|Any CPU
		{A35BCC76-8ECE-436F-8DF7-B7AA12DA13BB}.Debug_Ubuntu|x64.ActiveCfg = Debug|Any CPU
		{A35BCC76-8ECE-436F-8DF7-B7AA12DA13BB}.Debug_Ubuntu|x64.Build.0 = Debug|Any CPU
		{A35BCC76-8ECE-436F-8DF7-B7AA12DA13BB}.Debug_Ubuntu|x86.ActiveCfg = Debug|Any CPU
		{A35BCC76-8ECE-436F-8DF7-B7AA12DA13BB}.Debug|Any CPU.ActiveCfg = Debug|Any CPU
		{A35BCC76-8ECE-436F-8DF7-B7AA12DA13BB}.Debug|Any CPU.Build.0 = Debug|Any CPU
		{A35BCC76-8ECE-436F-8DF7-B7AA12DA13BB}.Debug|x64.ActiveCfg = Debug|Any CPU
		{A35BCC76-8ECE-436F-8DF7-B7AA12DA13BB}.Debug|x64.Build.0 = Debug|Any CPU
		{A35BCC76-8ECE-436F-8DF7-B7AA12DA13BB}.Debug|x86.ActiveCfg = Debug|Any CPU
		{A35BCC76-8ECE-436F-8DF7-B7AA12DA13BB}.Release_Ubuntu|Any CPU.ActiveCfg = Debug|Any CPU
		{A35BCC76-8ECE-436F-8DF7-B7AA12DA13BB}.Release_Ubuntu|Any CPU.Build.0 = Debug|Any CPU
		{A35BCC76-8ECE-436F-8DF7-B7AA12DA13BB}.Release_Ubuntu|x64.ActiveCfg = Release|Any CPU
		{A35BCC76-8ECE-436F-8DF7-B7AA12DA13BB}.Release_Ubuntu|x64.Build.0 = Release|Any CPU
		{A35BCC76-8ECE-436F-8DF7-B7AA12DA13BB}.Release_Ubuntu|x86.ActiveCfg = Release|Any CPU
		{A35BCC76-8ECE-436F-8DF7-B7AA12DA13BB}.Release|Any CPU.ActiveCfg = Release|Any CPU
		{A35BCC76-8ECE-436F-8DF7-B7AA12DA13BB}.Release|Any CPU.Build.0 = Release|Any CPU
		{A35BCC76-8ECE-436F-8DF7-B7AA12DA13BB}.Release|x64.ActiveCfg = Release|Any CPU
		{A35BCC76-8ECE-436F-8DF7-B7AA12DA13BB}.Release|x64.Build.0 = Release|Any CPU
		{A35BCC76-8ECE-436F-8DF7-B7AA12DA13BB}.Release|x86.ActiveCfg = Release|Any CPU
		{D51C4CE3-0473-4DDF-9F0C-B3022E493DBD}.Debug_Ubuntu|Any CPU.ActiveCfg = Debug|Any CPU
		{D51C4CE3-0473-4DDF-9F0C-B3022E493DBD}.Debug_Ubuntu|Any CPU.Build.0 = Debug|Any CPU
		{D51C4CE3-0473-4DDF-9F0C-B3022E493DBD}.Debug_Ubuntu|x64.ActiveCfg = Debug|Any CPU
		{D51C4CE3-0473-4DDF-9F0C-B3022E493DBD}.Debug_Ubuntu|x64.Build.0 = Debug|Any CPU
		{D51C4CE3-0473-4DDF-9F0C-B3022E493DBD}.Debug_Ubuntu|x86.ActiveCfg = Debug|Any CPU
		{D51C4CE3-0473-4DDF-9F0C-B3022E493DBD}.Debug|Any CPU.ActiveCfg = Debug|Any CPU
		{D51C4CE3-0473-4DDF-9F0C-B3022E493DBD}.Debug|Any CPU.Build.0 = Debug|Any CPU
		{D51C4CE3-0473-4DDF-9F0C-B3022E493DBD}.Debug|x64.ActiveCfg = Debug|Any CPU
		{D51C4CE3-0473-4DDF-9F0C-B3022E493DBD}.Debug|x64.Build.0 = Debug|Any CPU
		{D51C4CE3-0473-4DDF-9F0C-B3022E493DBD}.Debug|x86.ActiveCfg = Debug|Any CPU
		{D51C4CE3-0473-4DDF-9F0C-B3022E493DBD}.Release_Ubuntu|Any CPU.ActiveCfg = Debug|Any CPU
		{D51C4CE3-0473-4DDF-9F0C-B3022E493DBD}.Release_Ubuntu|Any CPU.Build.0 = Debug|Any CPU
		{D51C4CE3-0473-4DDF-9F0C-B3022E493DBD}.Release_Ubuntu|x64.ActiveCfg = Release|Any CPU
		{D51C4CE3-0473-4DDF-9F0C-B3022E493DBD}.Release_Ubuntu|x64.Build.0 = Release|Any CPU
		{D51C4CE3-0473-4DDF-9F0C-B3022E493DBD}.Release_Ubuntu|x86.ActiveCfg = Release|Any CPU
		{D51C4CE3-0473-4DDF-9F0C-B3022E493DBD}.Release|Any CPU.ActiveCfg = Release|Any CPU
		{D51C4CE3-0473-4DDF-9F0C-B3022E493DBD}.Release|Any CPU.Build.0 = Release|Any CPU
		{D51C4CE3-0473-4DDF-9F0C-B3022E493DBD}.Release|x64.ActiveCfg = Release|Any CPU
		{D51C4CE3-0473-4DDF-9F0C-B3022E493DBD}.Release|x64.Build.0 = Release|Any CPU
		{D51C4CE3-0473-4DDF-9F0C-B3022E493DBD}.Release|x86.ActiveCfg = Release|Any CPU
		{E3E0D40D-99AC-4ED4-9E64-19CDC10813B0}.Debug_Ubuntu|Any CPU.ActiveCfg = Debug|Any CPU
		{E3E0D40D-99AC-4ED4-9E64-19CDC10813B0}.Debug_Ubuntu|Any CPU.Build.0 = Debug|Any CPU
		{E3E0D40D-99AC-4ED4-9E64-19CDC10813B0}.Debug_Ubuntu|x64.ActiveCfg = Debug|Any CPU
		{E3E0D40D-99AC-4ED4-9E64-19CDC10813B0}.Debug_Ubuntu|x64.Build.0 = Debug|Any CPU
		{E3E0D40D-99AC-4ED4-9E64-19CDC10813B0}.Debug_Ubuntu|x86.ActiveCfg = Debug|Any CPU
		{E3E0D40D-99AC-4ED4-9E64-19CDC10813B0}.Debug_Ubuntu|x86.Build.0 = Debug|Any CPU
		{E3E0D40D-99AC-4ED4-9E64-19CDC10813B0}.Debug|Any CPU.ActiveCfg = Debug|Any CPU
		{E3E0D40D-99AC-4ED4-9E64-19CDC10813B0}.Debug|Any CPU.Build.0 = Debug|Any CPU
		{E3E0D40D-99AC-4ED4-9E64-19CDC10813B0}.Debug|x64.ActiveCfg = Debug|Any CPU
		{E3E0D40D-99AC-4ED4-9E64-19CDC10813B0}.Debug|x64.Build.0 = Debug|Any CPU
		{E3E0D40D-99AC-4ED4-9E64-19CDC10813B0}.Debug|x86.ActiveCfg = Debug|Any CPU
		{E3E0D40D-99AC-4ED4-9E64-19CDC10813B0}.Debug|x86.Build.0 = Debug|Any CPU
		{E3E0D40D-99AC-4ED4-9E64-19CDC10813B0}.Release_Ubuntu|Any CPU.ActiveCfg = Debug|Any CPU
		{E3E0D40D-99AC-4ED4-9E64-19CDC10813B0}.Release_Ubuntu|Any CPU.Build.0 = Debug|Any CPU
		{E3E0D40D-99AC-4ED4-9E64-19CDC10813B0}.Release_Ubuntu|x64.ActiveCfg = Release|Any CPU
		{E3E0D40D-99AC-4ED4-9E64-19CDC10813B0}.Release_Ubuntu|x64.Build.0 = Release|Any CPU
		{E3E0D40D-99AC-4ED4-9E64-19CDC10813B0}.Release_Ubuntu|x86.ActiveCfg = Release|Any CPU
		{E3E0D40D-99AC-4ED4-9E64-19CDC10813B0}.Release_Ubuntu|x86.Build.0 = Release|Any CPU
		{E3E0D40D-99AC-4ED4-9E64-19CDC10813B0}.Release|Any CPU.ActiveCfg = Release|Any CPU
		{E3E0D40D-99AC-4ED4-9E64-19CDC10813B0}.Release|Any CPU.Build.0 = Release|Any CPU
		{E3E0D40D-99AC-4ED4-9E64-19CDC10813B0}.Release|x64.ActiveCfg = Release|Any CPU
		{E3E0D40D-99AC-4ED4-9E64-19CDC10813B0}.Release|x64.Build.0 = Release|Any CPU
		{E3E0D40D-99AC-4ED4-9E64-19CDC10813B0}.Release|x86.ActiveCfg = Release|Any CPU
		{E3E0D40D-99AC-4ED4-9E64-19CDC10813B0}.Release|x86.Build.0 = Release|Any CPU
		{5557B374-341E-4176-9D46-BE8606136ADA}.Debug_Ubuntu|Any CPU.ActiveCfg = Debug|Any CPU
		{5557B374-341E-4176-9D46-BE8606136ADA}.Debug_Ubuntu|Any CPU.Build.0 = Debug|Any CPU
		{5557B374-341E-4176-9D46-BE8606136ADA}.Debug_Ubuntu|x64.ActiveCfg = Debug|Any CPU
		{5557B374-341E-4176-9D46-BE8606136ADA}.Debug_Ubuntu|x64.Build.0 = Debug|Any CPU
		{5557B374-341E-4176-9D46-BE8606136ADA}.Debug_Ubuntu|x86.ActiveCfg = Debug|Any CPU
		{5557B374-341E-4176-9D46-BE8606136ADA}.Debug_Ubuntu|x86.Build.0 = Debug|Any CPU
		{5557B374-341E-4176-9D46-BE8606136ADA}.Debug|Any CPU.ActiveCfg = Debug|Any CPU
		{5557B374-341E-4176-9D46-BE8606136ADA}.Debug|Any CPU.Build.0 = Debug|Any CPU
		{5557B374-341E-4176-9D46-BE8606136ADA}.Debug|x64.ActiveCfg = Debug|Any CPU
		{5557B374-341E-4176-9D46-BE8606136ADA}.Debug|x64.Build.0 = Debug|Any CPU
		{5557B374-341E-4176-9D46-BE8606136ADA}.Debug|x86.ActiveCfg = Debug|Any CPU
		{5557B374-341E-4176-9D46-BE8606136ADA}.Debug|x86.Build.0 = Debug|Any CPU
		{5557B374-341E-4176-9D46-BE8606136ADA}.Release_Ubuntu|Any CPU.ActiveCfg = Debug|Any CPU
		{5557B374-341E-4176-9D46-BE8606136ADA}.Release_Ubuntu|Any CPU.Build.0 = Debug|Any CPU
		{5557B374-341E-4176-9D46-BE8606136ADA}.Release_Ubuntu|x64.ActiveCfg = Release|Any CPU
		{5557B374-341E-4176-9D46-BE8606136ADA}.Release_Ubuntu|x64.Build.0 = Release|Any CPU
		{5557B374-341E-4176-9D46-BE8606136ADA}.Release_Ubuntu|x86.ActiveCfg = Release|Any CPU
		{5557B374-341E-4176-9D46-BE8606136ADA}.Release_Ubuntu|x86.Build.0 = Release|Any CPU
		{5557B374-341E-4176-9D46-BE8606136ADA}.Release|Any CPU.ActiveCfg = Release|Any CPU
		{5557B374-341E-4176-9D46-BE8606136ADA}.Release|Any CPU.Build.0 = Release|Any CPU
		{5557B374-341E-4176-9D46-BE8606136ADA}.Release|x64.ActiveCfg = Release|Any CPU
		{5557B374-341E-4176-9D46-BE8606136ADA}.Release|x64.Build.0 = Release|Any CPU
		{5557B374-341E-4176-9D46-BE8606136ADA}.Release|x86.ActiveCfg = Release|Any CPU
		{5557B374-341E-4176-9D46-BE8606136ADA}.Release|x86.Build.0 = Release|Any CPU
		{AAF65EBA-E48D-491A-AD2E-525BDE11EC6F}.Debug_Ubuntu|Any CPU.ActiveCfg = Debug|Any CPU
		{AAF65EBA-E48D-491A-AD2E-525BDE11EC6F}.Debug_Ubuntu|Any CPU.Build.0 = Debug|Any CPU
		{AAF65EBA-E48D-491A-AD2E-525BDE11EC6F}.Debug_Ubuntu|x64.ActiveCfg = Debug|Any CPU
		{AAF65EBA-E48D-491A-AD2E-525BDE11EC6F}.Debug_Ubuntu|x64.Build.0 = Debug|Any CPU
		{AAF65EBA-E48D-491A-AD2E-525BDE11EC6F}.Debug_Ubuntu|x86.ActiveCfg = Debug|Any CPU
		{AAF65EBA-E48D-491A-AD2E-525BDE11EC6F}.Debug_Ubuntu|x86.Build.0 = Debug|Any CPU
		{AAF65EBA-E48D-491A-AD2E-525BDE11EC6F}.Debug|Any CPU.ActiveCfg = Debug|Any CPU
		{AAF65EBA-E48D-491A-AD2E-525BDE11EC6F}.Debug|Any CPU.Build.0 = Debug|Any CPU
		{AAF65EBA-E48D-491A-AD2E-525BDE11EC6F}.Debug|x64.ActiveCfg = Debug|Any CPU
		{AAF65EBA-E48D-491A-AD2E-525BDE11EC6F}.Debug|x64.Build.0 = Debug|Any CPU
		{AAF65EBA-E48D-491A-AD2E-525BDE11EC6F}.Debug|x86.ActiveCfg = Debug|Any CPU
		{AAF65EBA-E48D-491A-AD2E-525BDE11EC6F}.Debug|x86.Build.0 = Debug|Any CPU
		{AAF65EBA-E48D-491A-AD2E-525BDE11EC6F}.Release_Ubuntu|Any CPU.ActiveCfg = Debug|Any CPU
		{AAF65EBA-E48D-491A-AD2E-525BDE11EC6F}.Release_Ubuntu|Any CPU.Build.0 = Debug|Any CPU
		{AAF65EBA-E48D-491A-AD2E-525BDE11EC6F}.Release_Ubuntu|x64.ActiveCfg = Release|Any CPU
		{AAF65EBA-E48D-491A-AD2E-525BDE11EC6F}.Release_Ubuntu|x64.Build.0 = Release|Any CPU
		{AAF65EBA-E48D-491A-AD2E-525BDE11EC6F}.Release_Ubuntu|x86.ActiveCfg = Release|Any CPU
		{AAF65EBA-E48D-491A-AD2E-525BDE11EC6F}.Release_Ubuntu|x86.Build.0 = Release|Any CPU
		{AAF65EBA-E48D-491A-AD2E-525BDE11EC6F}.Release|Any CPU.ActiveCfg = Release|Any CPU
		{AAF65EBA-E48D-491A-AD2E-525BDE11EC6F}.Release|Any CPU.Build.0 = Release|Any CPU
		{AAF65EBA-E48D-491A-AD2E-525BDE11EC6F}.Release|x64.ActiveCfg = Release|Any CPU
		{AAF65EBA-E48D-491A-AD2E-525BDE11EC6F}.Release|x64.Build.0 = Release|Any CPU
		{AAF65EBA-E48D-491A-AD2E-525BDE11EC6F}.Release|x86.ActiveCfg = Release|Any CPU
		{AAF65EBA-E48D-491A-AD2E-525BDE11EC6F}.Release|x86.Build.0 = Release|Any CPU
		{3BB1C211-9006-4FEE-9F40-7556717431B0}.Debug_Ubuntu|Any CPU.ActiveCfg = Debug|Any CPU
		{3BB1C211-9006-4FEE-9F40-7556717431B0}.Debug_Ubuntu|Any CPU.Build.0 = Debug|Any CPU
		{3BB1C211-9006-4FEE-9F40-7556717431B0}.Debug_Ubuntu|x64.ActiveCfg = Debug|Any CPU
		{3BB1C211-9006-4FEE-9F40-7556717431B0}.Debug_Ubuntu|x64.Build.0 = Debug|Any CPU
		{3BB1C211-9006-4FEE-9F40-7556717431B0}.Debug_Ubuntu|x86.ActiveCfg = Debug|Any CPU
		{3BB1C211-9006-4FEE-9F40-7556717431B0}.Debug_Ubuntu|x86.Build.0 = Debug|Any CPU
		{3BB1C211-9006-4FEE-9F40-7556717431B0}.Debug|Any CPU.ActiveCfg = Debug|Any CPU
		{3BB1C211-9006-4FEE-9F40-7556717431B0}.Debug|Any CPU.Build.0 = Debug|Any CPU
		{3BB1C211-9006-4FEE-9F40-7556717431B0}.Debug|x64.ActiveCfg = Debug|Any CPU
		{3BB1C211-9006-4FEE-9F40-7556717431B0}.Debug|x64.Build.0 = Debug|Any CPU
		{3BB1C211-9006-4FEE-9F40-7556717431B0}.Debug|x86.ActiveCfg = Debug|Any CPU
		{3BB1C211-9006-4FEE-9F40-7556717431B0}.Debug|x86.Build.0 = Debug|Any CPU
		{3BB1C211-9006-4FEE-9F40-7556717431B0}.Release_Ubuntu|Any CPU.ActiveCfg = Debug|Any CPU
		{3BB1C211-9006-4FEE-9F40-7556717431B0}.Release_Ubuntu|Any CPU.Build.0 = Debug|Any CPU
		{3BB1C211-9006-4FEE-9F40-7556717431B0}.Release_Ubuntu|x64.ActiveCfg = Release|Any CPU
		{3BB1C211-9006-4FEE-9F40-7556717431B0}.Release_Ubuntu|x64.Build.0 = Release|Any CPU
		{3BB1C211-9006-4FEE-9F40-7556717431B0}.Release_Ubuntu|x86.ActiveCfg = Release|Any CPU
		{3BB1C211-9006-4FEE-9F40-7556717431B0}.Release_Ubuntu|x86.Build.0 = Release|Any CPU
		{3BB1C211-9006-4FEE-9F40-7556717431B0}.Release|Any CPU.ActiveCfg = Release|Any CPU
		{3BB1C211-9006-4FEE-9F40-7556717431B0}.Release|Any CPU.Build.0 = Release|Any CPU
		{3BB1C211-9006-4FEE-9F40-7556717431B0}.Release|x64.ActiveCfg = Release|Any CPU
		{3BB1C211-9006-4FEE-9F40-7556717431B0}.Release|x64.Build.0 = Release|Any CPU
		{3BB1C211-9006-4FEE-9F40-7556717431B0}.Release|x86.ActiveCfg = Release|Any CPU
		{3BB1C211-9006-4FEE-9F40-7556717431B0}.Release|x86.Build.0 = Release|Any CPU
		{7A80E47B-C82F-4A16-83F0-E0C65F22885A}.Debug_Ubuntu|Any CPU.ActiveCfg = Debug|Any CPU
		{7A80E47B-C82F-4A16-83F0-E0C65F22885A}.Debug_Ubuntu|Any CPU.Build.0 = Debug|Any CPU
		{7A80E47B-C82F-4A16-83F0-E0C65F22885A}.Debug_Ubuntu|x64.ActiveCfg = Debug|Any CPU
		{7A80E47B-C82F-4A16-83F0-E0C65F22885A}.Debug_Ubuntu|x64.Build.0 = Debug|Any CPU
		{7A80E47B-C82F-4A16-83F0-E0C65F22885A}.Debug_Ubuntu|x86.ActiveCfg = Debug|Any CPU
		{7A80E47B-C82F-4A16-83F0-E0C65F22885A}.Debug_Ubuntu|x86.Build.0 = Debug|Any CPU
		{7A80E47B-C82F-4A16-83F0-E0C65F22885A}.Debug|Any CPU.ActiveCfg = Debug|Any CPU
		{7A80E47B-C82F-4A16-83F0-E0C65F22885A}.Debug|Any CPU.Build.0 = Debug|Any CPU
		{7A80E47B-C82F-4A16-83F0-E0C65F22885A}.Debug|x64.ActiveCfg = Debug|Any CPU
		{7A80E47B-C82F-4A16-83F0-E0C65F22885A}.Debug|x64.Build.0 = Debug|Any CPU
		{7A80E47B-C82F-4A16-83F0-E0C65F22885A}.Debug|x86.ActiveCfg = Debug|Any CPU
		{7A80E47B-C82F-4A16-83F0-E0C65F22885A}.Debug|x86.Build.0 = Debug|Any CPU
		{7A80E47B-C82F-4A16-83F0-E0C65F22885A}.Release_Ubuntu|Any CPU.ActiveCfg = Debug|Any CPU
		{7A80E47B-C82F-4A16-83F0-E0C65F22885A}.Release_Ubuntu|Any CPU.Build.0 = Debug|Any CPU
		{7A80E47B-C82F-4A16-83F0-E0C65F22885A}.Release_Ubuntu|x64.ActiveCfg = Release|Any CPU
		{7A80E47B-C82F-4A16-83F0-E0C65F22885A}.Release_Ubuntu|x64.Build.0 = Release|Any CPU
		{7A80E47B-C82F-4A16-83F0-E0C65F22885A}.Release_Ubuntu|x86.ActiveCfg = Release|Any CPU
		{7A80E47B-C82F-4A16-83F0-E0C65F22885A}.Release_Ubuntu|x86.Build.0 = Release|Any CPU
		{7A80E47B-C82F-4A16-83F0-E0C65F22885A}.Release|Any CPU.ActiveCfg = Release|Any CPU
		{7A80E47B-C82F-4A16-83F0-E0C65F22885A}.Release|Any CPU.Build.0 = Release|Any CPU
		{7A80E47B-C82F-4A16-83F0-E0C65F22885A}.Release|x64.ActiveCfg = Release|Any CPU
		{7A80E47B-C82F-4A16-83F0-E0C65F22885A}.Release|x64.Build.0 = Release|Any CPU
		{7A80E47B-C82F-4A16-83F0-E0C65F22885A}.Release|x86.ActiveCfg = Release|Any CPU
		{7A80E47B-C82F-4A16-83F0-E0C65F22885A}.Release|x86.Build.0 = Release|Any CPU
		{B54DE51C-A462-43A7-90C2-6A39E1865300}.Debug_Ubuntu|Any CPU.ActiveCfg = Debug|Any CPU
		{B54DE51C-A462-43A7-90C2-6A39E1865300}.Debug_Ubuntu|Any CPU.Build.0 = Debug|Any CPU
		{B54DE51C-A462-43A7-90C2-6A39E1865300}.Debug_Ubuntu|x64.ActiveCfg = Debug|Any CPU
		{B54DE51C-A462-43A7-90C2-6A39E1865300}.Debug_Ubuntu|x64.Build.0 = Debug|Any CPU
		{B54DE51C-A462-43A7-90C2-6A39E1865300}.Debug_Ubuntu|x86.ActiveCfg = Debug|Any CPU
		{B54DE51C-A462-43A7-90C2-6A39E1865300}.Debug_Ubuntu|x86.Build.0 = Debug|Any CPU
		{B54DE51C-A462-43A7-90C2-6A39E1865300}.Debug|Any CPU.ActiveCfg = Debug|Any CPU
		{B54DE51C-A462-43A7-90C2-6A39E1865300}.Debug|Any CPU.Build.0 = Debug|Any CPU
		{B54DE51C-A462-43A7-90C2-6A39E1865300}.Debug|x64.ActiveCfg = Debug|Any CPU
		{B54DE51C-A462-43A7-90C2-6A39E1865300}.Debug|x64.Build.0 = Debug|Any CPU
		{B54DE51C-A462-43A7-90C2-6A39E1865300}.Debug|x86.ActiveCfg = Debug|Any CPU
		{B54DE51C-A462-43A7-90C2-6A39E1865300}.Debug|x86.Build.0 = Debug|Any CPU
		{B54DE51C-A462-43A7-90C2-6A39E1865300}.Release_Ubuntu|Any CPU.ActiveCfg = Debug|Any CPU
		{B54DE51C-A462-43A7-90C2-6A39E1865300}.Release_Ubuntu|Any CPU.Build.0 = Debug|Any CPU
		{B54DE51C-A462-43A7-90C2-6A39E1865300}.Release_Ubuntu|x64.ActiveCfg = Release|Any CPU
		{B54DE51C-A462-43A7-90C2-6A39E1865300}.Release_Ubuntu|x64.Build.0 = Release|Any CPU
		{B54DE51C-A462-43A7-90C2-6A39E1865300}.Release_Ubuntu|x86.ActiveCfg = Release|Any CPU
		{B54DE51C-A462-43A7-90C2-6A39E1865300}.Release_Ubuntu|x86.Build.0 = Release|Any CPU
		{B54DE51C-A462-43A7-90C2-6A39E1865300}.Release|Any CPU.ActiveCfg = Release|Any CPU
		{B54DE51C-A462-43A7-90C2-6A39E1865300}.Release|Any CPU.Build.0 = Release|Any CPU
		{B54DE51C-A462-43A7-90C2-6A39E1865300}.Release|x64.ActiveCfg = Release|Any CPU
		{B54DE51C-A462-43A7-90C2-6A39E1865300}.Release|x64.Build.0 = Release|Any CPU
		{B54DE51C-A462-43A7-90C2-6A39E1865300}.Release|x86.ActiveCfg = Release|Any CPU
		{B54DE51C-A462-43A7-90C2-6A39E1865300}.Release|x86.Build.0 = Release|Any CPU
		{C29037E3-9C2F-4996-8434-36600735D465}.Debug_Ubuntu|Any CPU.ActiveCfg = Debug|Any CPU
		{C29037E3-9C2F-4996-8434-36600735D465}.Debug_Ubuntu|Any CPU.Build.0 = Debug|Any CPU
		{C29037E3-9C2F-4996-8434-36600735D465}.Debug_Ubuntu|x64.ActiveCfg = Debug|Any CPU
		{C29037E3-9C2F-4996-8434-36600735D465}.Debug_Ubuntu|x64.Build.0 = Debug|Any CPU
		{C29037E3-9C2F-4996-8434-36600735D465}.Debug_Ubuntu|x86.ActiveCfg = Debug|Any CPU
		{C29037E3-9C2F-4996-8434-36600735D465}.Debug_Ubuntu|x86.Build.0 = Debug|Any CPU
		{C29037E3-9C2F-4996-8434-36600735D465}.Debug|Any CPU.ActiveCfg = Debug|Any CPU
		{C29037E3-9C2F-4996-8434-36600735D465}.Debug|Any CPU.Build.0 = Debug|Any CPU
		{C29037E3-9C2F-4996-8434-36600735D465}.Debug|x64.ActiveCfg = Debug|Any CPU
		{C29037E3-9C2F-4996-8434-36600735D465}.Debug|x64.Build.0 = Debug|Any CPU
		{C29037E3-9C2F-4996-8434-36600735D465}.Debug|x86.ActiveCfg = Debug|Any CPU
		{C29037E3-9C2F-4996-8434-36600735D465}.Debug|x86.Build.0 = Debug|Any CPU
		{C29037E3-9C2F-4996-8434-36600735D465}.Release_Ubuntu|Any CPU.ActiveCfg = Debug|Any CPU
		{C29037E3-9C2F-4996-8434-36600735D465}.Release_Ubuntu|Any CPU.Build.0 = Debug|Any CPU
		{C29037E3-9C2F-4996-8434-36600735D465}.Release_Ubuntu|x64.ActiveCfg = Release|Any CPU
		{C29037E3-9C2F-4996-8434-36600735D465}.Release_Ubuntu|x64.Build.0 = Release|Any CPU
		{C29037E3-9C2F-4996-8434-36600735D465}.Release_Ubuntu|x86.ActiveCfg = Release|Any CPU
		{C29037E3-9C2F-4996-8434-36600735D465}.Release_Ubuntu|x86.Build.0 = Release|Any CPU
		{C29037E3-9C2F-4996-8434-36600735D465}.Release|Any CPU.ActiveCfg = Release|Any CPU
		{C29037E3-9C2F-4996-8434-36600735D465}.Release|Any CPU.Build.0 = Release|Any CPU
		{C29037E3-9C2F-4996-8434-36600735D465}.Release|x64.ActiveCfg = Release|Any CPU
		{C29037E3-9C2F-4996-8434-36600735D465}.Release|x64.Build.0 = Release|Any CPU
		{C29037E3-9C2F-4996-8434-36600735D465}.Release|x86.ActiveCfg = Release|Any CPU
		{C29037E3-9C2F-4996-8434-36600735D465}.Release|x86.Build.0 = Release|Any CPU
		{786F3627-BC95-4C92-9240-B0CD3D8BBB58}.Debug_Ubuntu|Any CPU.ActiveCfg = Debug|Any CPU
		{786F3627-BC95-4C92-9240-B0CD3D8BBB58}.Debug_Ubuntu|Any CPU.Build.0 = Debug|Any CPU
		{786F3627-BC95-4C92-9240-B0CD3D8BBB58}.Debug_Ubuntu|x64.ActiveCfg = Debug|Any CPU
		{786F3627-BC95-4C92-9240-B0CD3D8BBB58}.Debug_Ubuntu|x64.Build.0 = Debug|Any CPU
		{786F3627-BC95-4C92-9240-B0CD3D8BBB58}.Debug_Ubuntu|x86.ActiveCfg = Debug|Any CPU
		{786F3627-BC95-4C92-9240-B0CD3D8BBB58}.Debug_Ubuntu|x86.Build.0 = Debug|Any CPU
		{786F3627-BC95-4C92-9240-B0CD3D8BBB58}.Debug|Any CPU.ActiveCfg = Debug|Any CPU
		{786F3627-BC95-4C92-9240-B0CD3D8BBB58}.Debug|Any CPU.Build.0 = Debug|Any CPU
		{786F3627-BC95-4C92-9240-B0CD3D8BBB58}.Debug|x64.ActiveCfg = Debug|Any CPU
		{786F3627-BC95-4C92-9240-B0CD3D8BBB58}.Debug|x64.Build.0 = Debug|Any CPU
		{786F3627-BC95-4C92-9240-B0CD3D8BBB58}.Debug|x86.ActiveCfg = Debug|Any CPU
		{786F3627-BC95-4C92-9240-B0CD3D8BBB58}.Debug|x86.Build.0 = Debug|Any CPU
		{786F3627-BC95-4C92-9240-B0CD3D8BBB58}.Release_Ubuntu|Any CPU.ActiveCfg = Debug|Any CPU
		{786F3627-BC95-4C92-9240-B0CD3D8BBB58}.Release_Ubuntu|Any CPU.Build.0 = Debug|Any CPU
		{786F3627-BC95-4C92-9240-B0CD3D8BBB58}.Release_Ubuntu|x64.ActiveCfg = Release|Any CPU
		{786F3627-BC95-4C92-9240-B0CD3D8BBB58}.Release_Ubuntu|x64.Build.0 = Release|Any CPU
		{786F3627-BC95-4C92-9240-B0CD3D8BBB58}.Release_Ubuntu|x86.ActiveCfg = Release|Any CPU
		{786F3627-BC95-4C92-9240-B0CD3D8BBB58}.Release_Ubuntu|x86.Build.0 = Release|Any CPU
		{786F3627-BC95-4C92-9240-B0CD3D8BBB58}.Release|Any CPU.ActiveCfg = Release|Any CPU
		{786F3627-BC95-4C92-9240-B0CD3D8BBB58}.Release|Any CPU.Build.0 = Release|Any CPU
		{786F3627-BC95-4C92-9240-B0CD3D8BBB58}.Release|x64.ActiveCfg = Release|Any CPU
		{786F3627-BC95-4C92-9240-B0CD3D8BBB58}.Release|x64.Build.0 = Release|Any CPU
		{786F3627-BC95-4C92-9240-B0CD3D8BBB58}.Release|x86.ActiveCfg = Release|Any CPU
		{786F3627-BC95-4C92-9240-B0CD3D8BBB58}.Release|x86.Build.0 = Release|Any CPU
		{CE5F0847-F8B5-4B95-8E86-E007FCDC92A3}.Debug_Ubuntu|Any CPU.ActiveCfg = Debug|Any CPU
		{CE5F0847-F8B5-4B95-8E86-E007FCDC92A3}.Debug_Ubuntu|Any CPU.Build.0 = Debug|Any CPU
		{CE5F0847-F8B5-4B95-8E86-E007FCDC92A3}.Debug_Ubuntu|x64.ActiveCfg = Debug|Any CPU
		{CE5F0847-F8B5-4B95-8E86-E007FCDC92A3}.Debug_Ubuntu|x64.Build.0 = Debug|Any CPU
		{CE5F0847-F8B5-4B95-8E86-E007FCDC92A3}.Debug_Ubuntu|x86.ActiveCfg = Debug|Any CPU
		{CE5F0847-F8B5-4B95-8E86-E007FCDC92A3}.Debug_Ubuntu|x86.Build.0 = Debug|Any CPU
		{CE5F0847-F8B5-4B95-8E86-E007FCDC92A3}.Debug|Any CPU.ActiveCfg = Debug|Any CPU
		{CE5F0847-F8B5-4B95-8E86-E007FCDC92A3}.Debug|Any CPU.Build.0 = Debug|Any CPU
		{CE5F0847-F8B5-4B95-8E86-E007FCDC92A3}.Debug|x64.ActiveCfg = Debug|Any CPU
		{CE5F0847-F8B5-4B95-8E86-E007FCDC92A3}.Debug|x64.Build.0 = Debug|Any CPU
		{CE5F0847-F8B5-4B95-8E86-E007FCDC92A3}.Debug|x86.ActiveCfg = Debug|Any CPU
		{CE5F0847-F8B5-4B95-8E86-E007FCDC92A3}.Debug|x86.Build.0 = Debug|Any CPU
		{CE5F0847-F8B5-4B95-8E86-E007FCDC92A3}.Release_Ubuntu|Any CPU.ActiveCfg = Debug|Any CPU
		{CE5F0847-F8B5-4B95-8E86-E007FCDC92A3}.Release_Ubuntu|Any CPU.Build.0 = Debug|Any CPU
		{CE5F0847-F8B5-4B95-8E86-E007FCDC92A3}.Release_Ubuntu|x64.ActiveCfg = Release|Any CPU
		{CE5F0847-F8B5-4B95-8E86-E007FCDC92A3}.Release_Ubuntu|x64.Build.0 = Release|Any CPU
		{CE5F0847-F8B5-4B95-8E86-E007FCDC92A3}.Release_Ubuntu|x86.ActiveCfg = Release|Any CPU
		{CE5F0847-F8B5-4B95-8E86-E007FCDC92A3}.Release_Ubuntu|x86.Build.0 = Release|Any CPU
		{CE5F0847-F8B5-4B95-8E86-E007FCDC92A3}.Release|Any CPU.ActiveCfg = Release|Any CPU
		{CE5F0847-F8B5-4B95-8E86-E007FCDC92A3}.Release|Any CPU.Build.0 = Release|Any CPU
		{CE5F0847-F8B5-4B95-8E86-E007FCDC92A3}.Release|x64.ActiveCfg = Release|Any CPU
		{CE5F0847-F8B5-4B95-8E86-E007FCDC92A3}.Release|x64.Build.0 = Release|Any CPU
		{CE5F0847-F8B5-4B95-8E86-E007FCDC92A3}.Release|x86.ActiveCfg = Release|Any CPU
		{CE5F0847-F8B5-4B95-8E86-E007FCDC92A3}.Release|x86.Build.0 = Release|Any CPU
		{5D420F78-C169-4615-ACB2-A039BF8ACBD6}.Debug_Ubuntu|Any CPU.ActiveCfg = Debug|Any CPU
		{5D420F78-C169-4615-ACB2-A039BF8ACBD6}.Debug_Ubuntu|Any CPU.Build.0 = Debug|Any CPU
		{5D420F78-C169-4615-ACB2-A039BF8ACBD6}.Debug_Ubuntu|x64.ActiveCfg = Debug|Any CPU
		{5D420F78-C169-4615-ACB2-A039BF8ACBD6}.Debug_Ubuntu|x64.Build.0 = Debug|Any CPU
		{5D420F78-C169-4615-ACB2-A039BF8ACBD6}.Debug_Ubuntu|x86.ActiveCfg = Debug|Any CPU
		{5D420F78-C169-4615-ACB2-A039BF8ACBD6}.Debug_Ubuntu|x86.Build.0 = Debug|Any CPU
		{5D420F78-C169-4615-ACB2-A039BF8ACBD6}.Debug|Any CPU.ActiveCfg = Debug|Any CPU
		{5D420F78-C169-4615-ACB2-A039BF8ACBD6}.Debug|Any CPU.Build.0 = Debug|Any CPU
		{5D420F78-C169-4615-ACB2-A039BF8ACBD6}.Debug|x64.ActiveCfg = Debug|Any CPU
		{5D420F78-C169-4615-ACB2-A039BF8ACBD6}.Debug|x64.Build.0 = Debug|Any CPU
		{5D420F78-C169-4615-ACB2-A039BF8ACBD6}.Debug|x86.ActiveCfg = Debug|Any CPU
		{5D420F78-C169-4615-ACB2-A039BF8ACBD6}.Debug|x86.Build.0 = Debug|Any CPU
		{5D420F78-C169-4615-ACB2-A039BF8ACBD6}.Release_Ubuntu|Any CPU.ActiveCfg = Debug|Any CPU
		{5D420F78-C169-4615-ACB2-A039BF8ACBD6}.Release_Ubuntu|Any CPU.Build.0 = Debug|Any CPU
		{5D420F78-C169-4615-ACB2-A039BF8ACBD6}.Release_Ubuntu|x64.ActiveCfg = Release|Any CPU
		{5D420F78-C169-4615-ACB2-A039BF8ACBD6}.Release_Ubuntu|x64.Build.0 = Release|Any CPU
		{5D420F78-C169-4615-ACB2-A039BF8ACBD6}.Release_Ubuntu|x86.ActiveCfg = Release|Any CPU
		{5D420F78-C169-4615-ACB2-A039BF8ACBD6}.Release_Ubuntu|x86.Build.0 = Release|Any CPU
		{5D420F78-C169-4615-ACB2-A039BF8ACBD6}.Release|Any CPU.ActiveCfg = Release|Any CPU
		{5D420F78-C169-4615-ACB2-A039BF8ACBD6}.Release|Any CPU.Build.0 = Release|Any CPU
		{5D420F78-C169-4615-ACB2-A039BF8ACBD6}.Release|x64.ActiveCfg = Release|Any CPU
		{5D420F78-C169-4615-ACB2-A039BF8ACBD6}.Release|x64.Build.0 = Release|Any CPU
		{5D420F78-C169-4615-ACB2-A039BF8ACBD6}.Release|x86.ActiveCfg = Release|Any CPU
		{5D420F78-C169-4615-ACB2-A039BF8ACBD6}.Release|x86.Build.0 = Release|Any CPU
		{D184BF09-FD6D-4F36-BC6E-BF05E763E3AC}.Debug_Ubuntu|Any CPU.ActiveCfg = Debug|Any CPU
		{D184BF09-FD6D-4F36-BC6E-BF05E763E3AC}.Debug_Ubuntu|Any CPU.Build.0 = Debug|Any CPU
		{D184BF09-FD6D-4F36-BC6E-BF05E763E3AC}.Debug_Ubuntu|x64.ActiveCfg = Debug|Any CPU
		{D184BF09-FD6D-4F36-BC6E-BF05E763E3AC}.Debug_Ubuntu|x64.Build.0 = Debug|Any CPU
		{D184BF09-FD6D-4F36-BC6E-BF05E763E3AC}.Debug_Ubuntu|x86.ActiveCfg = Debug|Any CPU
		{D184BF09-FD6D-4F36-BC6E-BF05E763E3AC}.Debug_Ubuntu|x86.Build.0 = Debug|Any CPU
		{D184BF09-FD6D-4F36-BC6E-BF05E763E3AC}.Debug|Any CPU.ActiveCfg = Debug|Any CPU
		{D184BF09-FD6D-4F36-BC6E-BF05E763E3AC}.Debug|Any CPU.Build.0 = Debug|Any CPU
		{D184BF09-FD6D-4F36-BC6E-BF05E763E3AC}.Debug|x64.ActiveCfg = Debug|Any CPU
		{D184BF09-FD6D-4F36-BC6E-BF05E763E3AC}.Debug|x64.Build.0 = Debug|Any CPU
		{D184BF09-FD6D-4F36-BC6E-BF05E763E3AC}.Debug|x86.ActiveCfg = Debug|Any CPU
		{D184BF09-FD6D-4F36-BC6E-BF05E763E3AC}.Debug|x86.Build.0 = Debug|Any CPU
		{D184BF09-FD6D-4F36-BC6E-BF05E763E3AC}.Release_Ubuntu|Any CPU.ActiveCfg = Debug|Any CPU
		{D184BF09-FD6D-4F36-BC6E-BF05E763E3AC}.Release_Ubuntu|Any CPU.Build.0 = Debug|Any CPU
		{D184BF09-FD6D-4F36-BC6E-BF05E763E3AC}.Release_Ubuntu|x64.ActiveCfg = Release|Any CPU
		{D184BF09-FD6D-4F36-BC6E-BF05E763E3AC}.Release_Ubuntu|x64.Build.0 = Release|Any CPU
		{D184BF09-FD6D-4F36-BC6E-BF05E763E3AC}.Release_Ubuntu|x86.ActiveCfg = Release|Any CPU
		{D184BF09-FD6D-4F36-BC6E-BF05E763E3AC}.Release_Ubuntu|x86.Build.0 = Release|Any CPU
		{D184BF09-FD6D-4F36-BC6E-BF05E763E3AC}.Release|Any CPU.ActiveCfg = Release|Any CPU
		{D184BF09-FD6D-4F36-BC6E-BF05E763E3AC}.Release|Any CPU.Build.0 = Release|Any CPU
		{D184BF09-FD6D-4F36-BC6E-BF05E763E3AC}.Release|x64.ActiveCfg = Release|Any CPU
		{D184BF09-FD6D-4F36-BC6E-BF05E763E3AC}.Release|x64.Build.0 = Release|Any CPU
		{D184BF09-FD6D-4F36-BC6E-BF05E763E3AC}.Release|x86.ActiveCfg = Release|Any CPU
		{D184BF09-FD6D-4F36-BC6E-BF05E763E3AC}.Release|x86.Build.0 = Release|Any CPU
		{B357BAC7-529E-4D81-A0D2-71041B19C8DE}.Debug_Ubuntu|Any CPU.ActiveCfg = Debug_Ubuntu|Any CPU
		{B357BAC7-529E-4D81-A0D2-71041B19C8DE}.Debug_Ubuntu|Any CPU.Build.0 = Debug_Ubuntu|Any CPU
		{B357BAC7-529E-4D81-A0D2-71041B19C8DE}.Debug_Ubuntu|x64.ActiveCfg = Debug_Ubuntu|Any CPU
		{B357BAC7-529E-4D81-A0D2-71041B19C8DE}.Debug_Ubuntu|x64.Build.0 = Debug_Ubuntu|Any CPU
		{B357BAC7-529E-4D81-A0D2-71041B19C8DE}.Debug_Ubuntu|x86.ActiveCfg = Debug_Ubuntu|Any CPU
		{B357BAC7-529E-4D81-A0D2-71041B19C8DE}.Debug_Ubuntu|x86.Build.0 = Debug_Ubuntu|Any CPU
		{B357BAC7-529E-4D81-A0D2-71041B19C8DE}.Debug|Any CPU.ActiveCfg = Debug|Any CPU
		{B357BAC7-529E-4D81-A0D2-71041B19C8DE}.Debug|Any CPU.Build.0 = Debug|Any CPU
		{B357BAC7-529E-4D81-A0D2-71041B19C8DE}.Debug|x64.ActiveCfg = Debug|Any CPU
		{B357BAC7-529E-4D81-A0D2-71041B19C8DE}.Debug|x64.Build.0 = Debug|Any CPU
		{B357BAC7-529E-4D81-A0D2-71041B19C8DE}.Debug|x86.ActiveCfg = Debug|Any CPU
		{B357BAC7-529E-4D81-A0D2-71041B19C8DE}.Debug|x86.Build.0 = Debug|Any CPU
		{B357BAC7-529E-4D81-A0D2-71041B19C8DE}.Release_Ubuntu|Any CPU.ActiveCfg = Release_Ubuntu|Any CPU
		{B357BAC7-529E-4D81-A0D2-71041B19C8DE}.Release_Ubuntu|Any CPU.Build.0 = Release_Ubuntu|Any CPU
		{B357BAC7-529E-4D81-A0D2-71041B19C8DE}.Release_Ubuntu|x64.ActiveCfg = Release_Ubuntu|Any CPU
		{B357BAC7-529E-4D81-A0D2-71041B19C8DE}.Release_Ubuntu|x64.Build.0 = Release_Ubuntu|Any CPU
		{B357BAC7-529E-4D81-A0D2-71041B19C8DE}.Release_Ubuntu|x86.ActiveCfg = Release_Ubuntu|Any CPU
		{B357BAC7-529E-4D81-A0D2-71041B19C8DE}.Release_Ubuntu|x86.Build.0 = Release_Ubuntu|Any CPU
		{B357BAC7-529E-4D81-A0D2-71041B19C8DE}.Release|Any CPU.ActiveCfg = Release|Any CPU
		{B357BAC7-529E-4D81-A0D2-71041B19C8DE}.Release|Any CPU.Build.0 = Release|Any CPU
		{B357BAC7-529E-4D81-A0D2-71041B19C8DE}.Release|x64.ActiveCfg = Release|Any CPU
		{B357BAC7-529E-4D81-A0D2-71041B19C8DE}.Release|x64.Build.0 = Release|Any CPU
		{B357BAC7-529E-4D81-A0D2-71041B19C8DE}.Release|x86.ActiveCfg = Release|Any CPU
		{B357BAC7-529E-4D81-A0D2-71041B19C8DE}.Release|x86.Build.0 = Release|Any CPU
		{6FFEFEF0-8B67-45C8-9ABA-A1E6D276B1C2}.Debug_Ubuntu|Any CPU.ActiveCfg = Debug|Any CPU
		{6FFEFEF0-8B67-45C8-9ABA-A1E6D276B1C2}.Debug_Ubuntu|Any CPU.Build.0 = Debug|Any CPU
		{6FFEFEF0-8B67-45C8-9ABA-A1E6D276B1C2}.Debug_Ubuntu|x64.ActiveCfg = Debug|Any CPU
		{6FFEFEF0-8B67-45C8-9ABA-A1E6D276B1C2}.Debug_Ubuntu|x64.Build.0 = Debug|Any CPU
		{6FFEFEF0-8B67-45C8-9ABA-A1E6D276B1C2}.Debug_Ubuntu|x86.ActiveCfg = Debug|Any CPU
		{6FFEFEF0-8B67-45C8-9ABA-A1E6D276B1C2}.Debug_Ubuntu|x86.Build.0 = Debug|Any CPU
		{6FFEFEF0-8B67-45C8-9ABA-A1E6D276B1C2}.Debug|Any CPU.ActiveCfg = Debug|Any CPU
		{6FFEFEF0-8B67-45C8-9ABA-A1E6D276B1C2}.Debug|Any CPU.Build.0 = Debug|Any CPU
		{6FFEFEF0-8B67-45C8-9ABA-A1E6D276B1C2}.Debug|x64.ActiveCfg = Debug|Any CPU
		{6FFEFEF0-8B67-45C8-9ABA-A1E6D276B1C2}.Debug|x64.Build.0 = Debug|Any CPU
		{6FFEFEF0-8B67-45C8-9ABA-A1E6D276B1C2}.Debug|x86.ActiveCfg = Debug|Any CPU
		{6FFEFEF0-8B67-45C8-9ABA-A1E6D276B1C2}.Debug|x86.Build.0 = Debug|Any CPU
		{6FFEFEF0-8B67-45C8-9ABA-A1E6D276B1C2}.Release_Ubuntu|Any CPU.ActiveCfg = Debug|Any CPU
		{6FFEFEF0-8B67-45C8-9ABA-A1E6D276B1C2}.Release_Ubuntu|Any CPU.Build.0 = Debug|Any CPU
		{6FFEFEF0-8B67-45C8-9ABA-A1E6D276B1C2}.Release_Ubuntu|x64.ActiveCfg = Release|Any CPU
		{6FFEFEF0-8B67-45C8-9ABA-A1E6D276B1C2}.Release_Ubuntu|x64.Build.0 = Release|Any CPU
		{6FFEFEF0-8B67-45C8-9ABA-A1E6D276B1C2}.Release_Ubuntu|x86.ActiveCfg = Release|Any CPU
		{6FFEFEF0-8B67-45C8-9ABA-A1E6D276B1C2}.Release_Ubuntu|x86.Build.0 = Release|Any CPU
		{6FFEFEF0-8B67-45C8-9ABA-A1E6D276B1C2}.Release|Any CPU.ActiveCfg = Release|Any CPU
		{6FFEFEF0-8B67-45C8-9ABA-A1E6D276B1C2}.Release|Any CPU.Build.0 = Release|Any CPU
		{6FFEFEF0-8B67-45C8-9ABA-A1E6D276B1C2}.Release|x64.ActiveCfg = Release|Any CPU
		{6FFEFEF0-8B67-45C8-9ABA-A1E6D276B1C2}.Release|x64.Build.0 = Release|Any CPU
		{6FFEFEF0-8B67-45C8-9ABA-A1E6D276B1C2}.Release|x86.ActiveCfg = Release|Any CPU
		{6FFEFEF0-8B67-45C8-9ABA-A1E6D276B1C2}.Release|x86.Build.0 = Release|Any CPU
		{9FF69878-E3D3-459D-A779-A6CB0091DE75}.Debug_Ubuntu|Any CPU.ActiveCfg = Debug|Any CPU
		{9FF69878-E3D3-459D-A779-A6CB0091DE75}.Debug_Ubuntu|Any CPU.Build.0 = Debug|Any CPU
		{9FF69878-E3D3-459D-A779-A6CB0091DE75}.Debug_Ubuntu|x64.ActiveCfg = Debug|Any CPU
		{9FF69878-E3D3-459D-A779-A6CB0091DE75}.Debug_Ubuntu|x64.Build.0 = Debug|Any CPU
		{9FF69878-E3D3-459D-A779-A6CB0091DE75}.Debug_Ubuntu|x86.ActiveCfg = Debug|Any CPU
		{9FF69878-E3D3-459D-A779-A6CB0091DE75}.Debug_Ubuntu|x86.Build.0 = Debug|Any CPU
		{9FF69878-E3D3-459D-A779-A6CB0091DE75}.Debug|Any CPU.ActiveCfg = Debug|Any CPU
		{9FF69878-E3D3-459D-A779-A6CB0091DE75}.Debug|Any CPU.Build.0 = Debug|Any CPU
		{9FF69878-E3D3-459D-A779-A6CB0091DE75}.Debug|x64.ActiveCfg = Debug|Any CPU
		{9FF69878-E3D3-459D-A779-A6CB0091DE75}.Debug|x64.Build.0 = Debug|Any CPU
		{9FF69878-E3D3-459D-A779-A6CB0091DE75}.Debug|x86.ActiveCfg = Debug|Any CPU
		{9FF69878-E3D3-459D-A779-A6CB0091DE75}.Debug|x86.Build.0 = Debug|Any CPU
		{9FF69878-E3D3-459D-A779-A6CB0091DE75}.Release_Ubuntu|Any CPU.ActiveCfg = Debug|Any CPU
		{9FF69878-E3D3-459D-A779-A6CB0091DE75}.Release_Ubuntu|Any CPU.Build.0 = Debug|Any CPU
		{9FF69878-E3D3-459D-A779-A6CB0091DE75}.Release_Ubuntu|x64.ActiveCfg = Release|Any CPU
		{9FF69878-E3D3-459D-A779-A6CB0091DE75}.Release_Ubuntu|x64.Build.0 = Release|Any CPU
		{9FF69878-E3D3-459D-A779-A6CB0091DE75}.Release_Ubuntu|x86.ActiveCfg = Release|Any CPU
		{9FF69878-E3D3-459D-A779-A6CB0091DE75}.Release_Ubuntu|x86.Build.0 = Release|Any CPU
		{9FF69878-E3D3-459D-A779-A6CB0091DE75}.Release|Any CPU.ActiveCfg = Release|Any CPU
		{9FF69878-E3D3-459D-A779-A6CB0091DE75}.Release|Any CPU.Build.0 = Release|Any CPU
		{9FF69878-E3D3-459D-A779-A6CB0091DE75}.Release|x64.ActiveCfg = Release|Any CPU
		{9FF69878-E3D3-459D-A779-A6CB0091DE75}.Release|x64.Build.0 = Release|Any CPU
		{9FF69878-E3D3-459D-A779-A6CB0091DE75}.Release|x86.ActiveCfg = Release|Any CPU
		{9FF69878-E3D3-459D-A779-A6CB0091DE75}.Release|x86.Build.0 = Release|Any CPU
		{958222ED-4BA0-45DD-92E5-6B72BA62ABA6}.Debug_Ubuntu|Any CPU.ActiveCfg = Debug|Any CPU
		{958222ED-4BA0-45DD-92E5-6B72BA62ABA6}.Debug_Ubuntu|Any CPU.Build.0 = Debug|Any CPU
		{958222ED-4BA0-45DD-92E5-6B72BA62ABA6}.Debug_Ubuntu|x64.ActiveCfg = Debug|Any CPU
		{958222ED-4BA0-45DD-92E5-6B72BA62ABA6}.Debug_Ubuntu|x64.Build.0 = Debug|Any CPU
		{958222ED-4BA0-45DD-92E5-6B72BA62ABA6}.Debug_Ubuntu|x86.ActiveCfg = Debug|Any CPU
		{958222ED-4BA0-45DD-92E5-6B72BA62ABA6}.Debug_Ubuntu|x86.Build.0 = Debug|Any CPU
		{958222ED-4BA0-45DD-92E5-6B72BA62ABA6}.Debug|Any CPU.ActiveCfg = Debug|Any CPU
		{958222ED-4BA0-45DD-92E5-6B72BA62ABA6}.Debug|Any CPU.Build.0 = Debug|Any CPU
		{958222ED-4BA0-45DD-92E5-6B72BA62ABA6}.Debug|x64.ActiveCfg = Debug|Any CPU
		{958222ED-4BA0-45DD-92E5-6B72BA62ABA6}.Debug|x64.Build.0 = Debug|Any CPU
		{958222ED-4BA0-45DD-92E5-6B72BA62ABA6}.Debug|x86.ActiveCfg = Debug|Any CPU
		{958222ED-4BA0-45DD-92E5-6B72BA62ABA6}.Debug|x86.Build.0 = Debug|Any CPU
		{958222ED-4BA0-45DD-92E5-6B72BA62ABA6}.Release_Ubuntu|Any CPU.ActiveCfg = Debug|Any CPU
		{958222ED-4BA0-45DD-92E5-6B72BA62ABA6}.Release_Ubuntu|Any CPU.Build.0 = Debug|Any CPU
		{958222ED-4BA0-45DD-92E5-6B72BA62ABA6}.Release_Ubuntu|x64.ActiveCfg = Release|Any CPU
		{958222ED-4BA0-45DD-92E5-6B72BA62ABA6}.Release_Ubuntu|x64.Build.0 = Release|Any CPU
		{958222ED-4BA0-45DD-92E5-6B72BA62ABA6}.Release_Ubuntu|x86.ActiveCfg = Release|Any CPU
		{958222ED-4BA0-45DD-92E5-6B72BA62ABA6}.Release_Ubuntu|x86.Build.0 = Release|Any CPU
		{958222ED-4BA0-45DD-92E5-6B72BA62ABA6}.Release|Any CPU.ActiveCfg = Release|Any CPU
		{958222ED-4BA0-45DD-92E5-6B72BA62ABA6}.Release|Any CPU.Build.0 = Release|Any CPU
		{958222ED-4BA0-45DD-92E5-6B72BA62ABA6}.Release|x64.ActiveCfg = Release|Any CPU
		{958222ED-4BA0-45DD-92E5-6B72BA62ABA6}.Release|x64.Build.0 = Release|Any CPU
		{958222ED-4BA0-45DD-92E5-6B72BA62ABA6}.Release|x86.ActiveCfg = Release|Any CPU
		{958222ED-4BA0-45DD-92E5-6B72BA62ABA6}.Release|x86.Build.0 = Release|Any CPU
		{AAC4FB16-95FC-4D70-8BB0-916C760E3978}.Debug_Ubuntu|Any CPU.ActiveCfg = Debug|Any CPU
		{AAC4FB16-95FC-4D70-8BB0-916C760E3978}.Debug_Ubuntu|Any CPU.Build.0 = Debug|Any CPU
		{AAC4FB16-95FC-4D70-8BB0-916C760E3978}.Debug_Ubuntu|x64.ActiveCfg = Debug|Any CPU
		{AAC4FB16-95FC-4D70-8BB0-916C760E3978}.Debug_Ubuntu|x64.Build.0 = Debug|Any CPU
		{AAC4FB16-95FC-4D70-8BB0-916C760E3978}.Debug_Ubuntu|x86.ActiveCfg = Debug|Any CPU
		{AAC4FB16-95FC-4D70-8BB0-916C760E3978}.Debug_Ubuntu|x86.Build.0 = Debug|Any CPU
		{AAC4FB16-95FC-4D70-8BB0-916C760E3978}.Debug|Any CPU.ActiveCfg = Debug|Any CPU
		{AAC4FB16-95FC-4D70-8BB0-916C760E3978}.Debug|Any CPU.Build.0 = Debug|Any CPU
		{AAC4FB16-95FC-4D70-8BB0-916C760E3978}.Debug|x64.ActiveCfg = Debug|Any CPU
		{AAC4FB16-95FC-4D70-8BB0-916C760E3978}.Debug|x64.Build.0 = Debug|Any CPU
		{AAC4FB16-95FC-4D70-8BB0-916C760E3978}.Debug|x86.ActiveCfg = Debug|Any CPU
		{AAC4FB16-95FC-4D70-8BB0-916C760E3978}.Debug|x86.Build.0 = Debug|Any CPU
		{AAC4FB16-95FC-4D70-8BB0-916C760E3978}.Release_Ubuntu|Any CPU.ActiveCfg = Release|Any CPU
		{AAC4FB16-95FC-4D70-8BB0-916C760E3978}.Release_Ubuntu|Any CPU.Build.0 = Release|Any CPU
		{AAC4FB16-95FC-4D70-8BB0-916C760E3978}.Release_Ubuntu|x64.ActiveCfg = Release|Any CPU
		{AAC4FB16-95FC-4D70-8BB0-916C760E3978}.Release_Ubuntu|x64.Build.0 = Release|Any CPU
		{AAC4FB16-95FC-4D70-8BB0-916C760E3978}.Release_Ubuntu|x86.ActiveCfg = Release|Any CPU
		{AAC4FB16-95FC-4D70-8BB0-916C760E3978}.Release_Ubuntu|x86.Build.0 = Release|Any CPU
		{AAC4FB16-95FC-4D70-8BB0-916C760E3978}.Release|Any CPU.ActiveCfg = Release|Any CPU
		{AAC4FB16-95FC-4D70-8BB0-916C760E3978}.Release|Any CPU.Build.0 = Release|Any CPU
		{AAC4FB16-95FC-4D70-8BB0-916C760E3978}.Release|x64.ActiveCfg = Release|Any CPU
		{AAC4FB16-95FC-4D70-8BB0-916C760E3978}.Release|x64.Build.0 = Release|Any CPU
		{AAC4FB16-95FC-4D70-8BB0-916C760E3978}.Release|x86.ActiveCfg = Release|Any CPU
		{AAC4FB16-95FC-4D70-8BB0-916C760E3978}.Release|x86.Build.0 = Release|Any CPU
		{C4BA79BE-2094-4B71-A84C-E4ACABDE3958}.Debug_Ubuntu|Any CPU.ActiveCfg = Debug|Any CPU
		{C4BA79BE-2094-4B71-A84C-E4ACABDE3958}.Debug_Ubuntu|Any CPU.Build.0 = Debug|Any CPU
		{C4BA79BE-2094-4B71-A84C-E4ACABDE3958}.Debug_Ubuntu|x64.ActiveCfg = Debug|Any CPU
		{C4BA79BE-2094-4B71-A84C-E4ACABDE3958}.Debug_Ubuntu|x64.Build.0 = Debug|Any CPU
		{C4BA79BE-2094-4B71-A84C-E4ACABDE3958}.Debug_Ubuntu|x86.ActiveCfg = Debug|Any CPU
		{C4BA79BE-2094-4B71-A84C-E4ACABDE3958}.Debug_Ubuntu|x86.Build.0 = Debug|Any CPU
		{C4BA79BE-2094-4B71-A84C-E4ACABDE3958}.Debug|Any CPU.ActiveCfg = Debug|Any CPU
		{C4BA79BE-2094-4B71-A84C-E4ACABDE3958}.Debug|Any CPU.Build.0 = Debug|Any CPU
		{C4BA79BE-2094-4B71-A84C-E4ACABDE3958}.Debug|x64.ActiveCfg = Debug|Any CPU
		{C4BA79BE-2094-4B71-A84C-E4ACABDE3958}.Debug|x64.Build.0 = Debug|Any CPU
		{C4BA79BE-2094-4B71-A84C-E4ACABDE3958}.Debug|x86.ActiveCfg = Debug|Any CPU
		{C4BA79BE-2094-4B71-A84C-E4ACABDE3958}.Debug|x86.Build.0 = Debug|Any CPU
		{C4BA79BE-2094-4B71-A84C-E4ACABDE3958}.Release_Ubuntu|Any CPU.ActiveCfg = Release|Any CPU
		{C4BA79BE-2094-4B71-A84C-E4ACABDE3958}.Release_Ubuntu|Any CPU.Build.0 = Release|Any CPU
		{C4BA79BE-2094-4B71-A84C-E4ACABDE3958}.Release_Ubuntu|x64.ActiveCfg = Release|Any CPU
		{C4BA79BE-2094-4B71-A84C-E4ACABDE3958}.Release_Ubuntu|x64.Build.0 = Release|Any CPU
		{C4BA79BE-2094-4B71-A84C-E4ACABDE3958}.Release_Ubuntu|x86.ActiveCfg = Release|Any CPU
		{C4BA79BE-2094-4B71-A84C-E4ACABDE3958}.Release_Ubuntu|x86.Build.0 = Release|Any CPU
		{C4BA79BE-2094-4B71-A84C-E4ACABDE3958}.Release|Any CPU.ActiveCfg = Release|Any CPU
		{C4BA79BE-2094-4B71-A84C-E4ACABDE3958}.Release|Any CPU.Build.0 = Release|Any CPU
		{C4BA79BE-2094-4B71-A84C-E4ACABDE3958}.Release|x64.ActiveCfg = Release|Any CPU
		{C4BA79BE-2094-4B71-A84C-E4ACABDE3958}.Release|x64.Build.0 = Release|Any CPU
		{C4BA79BE-2094-4B71-A84C-E4ACABDE3958}.Release|x86.ActiveCfg = Release|Any CPU
		{C4BA79BE-2094-4B71-A84C-E4ACABDE3958}.Release|x86.Build.0 = Release|Any CPU
		{1BAF5E8C-4A8C-48CE-96F9-DB45F2980A47}.Debug_Ubuntu|Any CPU.ActiveCfg = Debug|Any CPU
		{1BAF5E8C-4A8C-48CE-96F9-DB45F2980A47}.Debug_Ubuntu|Any CPU.Build.0 = Debug|Any CPU
		{1BAF5E8C-4A8C-48CE-96F9-DB45F2980A47}.Debug_Ubuntu|x64.ActiveCfg = Debug|x64
		{1BAF5E8C-4A8C-48CE-96F9-DB45F2980A47}.Debug_Ubuntu|x64.Build.0 = Debug|x64
		{1BAF5E8C-4A8C-48CE-96F9-DB45F2980A47}.Debug_Ubuntu|x86.ActiveCfg = Debug|Any CPU
		{1BAF5E8C-4A8C-48CE-96F9-DB45F2980A47}.Debug_Ubuntu|x86.Build.0 = Debug|Any CPU
		{1BAF5E8C-4A8C-48CE-96F9-DB45F2980A47}.Debug|Any CPU.ActiveCfg = Debug|Any CPU
		{1BAF5E8C-4A8C-48CE-96F9-DB45F2980A47}.Debug|Any CPU.Build.0 = Debug|Any CPU
		{1BAF5E8C-4A8C-48CE-96F9-DB45F2980A47}.Debug|x64.ActiveCfg = Debug|x64
		{1BAF5E8C-4A8C-48CE-96F9-DB45F2980A47}.Debug|x64.Build.0 = Debug|x64
		{1BAF5E8C-4A8C-48CE-96F9-DB45F2980A47}.Debug|x86.ActiveCfg = Debug|Any CPU
		{1BAF5E8C-4A8C-48CE-96F9-DB45F2980A47}.Debug|x86.Build.0 = Debug|Any CPU
		{1BAF5E8C-4A8C-48CE-96F9-DB45F2980A47}.Release_Ubuntu|Any CPU.ActiveCfg = Release|Any CPU
		{1BAF5E8C-4A8C-48CE-96F9-DB45F2980A47}.Release_Ubuntu|Any CPU.Build.0 = Release|Any CPU
		{1BAF5E8C-4A8C-48CE-96F9-DB45F2980A47}.Release_Ubuntu|x64.ActiveCfg = Release|x64
		{1BAF5E8C-4A8C-48CE-96F9-DB45F2980A47}.Release_Ubuntu|x64.Build.0 = Release|x64
		{1BAF5E8C-4A8C-48CE-96F9-DB45F2980A47}.Release_Ubuntu|x86.ActiveCfg = Release|Any CPU
		{1BAF5E8C-4A8C-48CE-96F9-DB45F2980A47}.Release_Ubuntu|x86.Build.0 = Release|Any CPU
		{1BAF5E8C-4A8C-48CE-96F9-DB45F2980A47}.Release|Any CPU.ActiveCfg = Release|Any CPU
		{1BAF5E8C-4A8C-48CE-96F9-DB45F2980A47}.Release|Any CPU.Build.0 = Release|Any CPU
		{1BAF5E8C-4A8C-48CE-96F9-DB45F2980A47}.Release|x64.ActiveCfg = Release|x64
		{1BAF5E8C-4A8C-48CE-96F9-DB45F2980A47}.Release|x64.Build.0 = Release|x64
		{1BAF5E8C-4A8C-48CE-96F9-DB45F2980A47}.Release|x86.ActiveCfg = Release|Any CPU
		{1BAF5E8C-4A8C-48CE-96F9-DB45F2980A47}.Release|x86.Build.0 = Release|Any CPU
		{3A84B4ED-CEBC-4D32-B094-272917D6E5C6}.Debug_Ubuntu|Any CPU.ActiveCfg = Debug|Any CPU
		{3A84B4ED-CEBC-4D32-B094-272917D6E5C6}.Debug_Ubuntu|Any CPU.Build.0 = Debug|Any CPU
		{3A84B4ED-CEBC-4D32-B094-272917D6E5C6}.Debug_Ubuntu|x64.ActiveCfg = Debug|Any CPU
		{3A84B4ED-CEBC-4D32-B094-272917D6E5C6}.Debug_Ubuntu|x64.Build.0 = Debug|Any CPU
		{3A84B4ED-CEBC-4D32-B094-272917D6E5C6}.Debug_Ubuntu|x86.ActiveCfg = Debug|Any CPU
		{3A84B4ED-CEBC-4D32-B094-272917D6E5C6}.Debug_Ubuntu|x86.Build.0 = Debug|Any CPU
		{3A84B4ED-CEBC-4D32-B094-272917D6E5C6}.Debug|Any CPU.ActiveCfg = Debug|Any CPU
		{3A84B4ED-CEBC-4D32-B094-272917D6E5C6}.Debug|Any CPU.Build.0 = Debug|Any CPU
		{3A84B4ED-CEBC-4D32-B094-272917D6E5C6}.Debug|x64.ActiveCfg = Debug|Any CPU
		{3A84B4ED-CEBC-4D32-B094-272917D6E5C6}.Debug|x64.Build.0 = Debug|Any CPU
		{3A84B4ED-CEBC-4D32-B094-272917D6E5C6}.Debug|x86.ActiveCfg = Debug|Any CPU
		{3A84B4ED-CEBC-4D32-B094-272917D6E5C6}.Debug|x86.Build.0 = Debug|Any CPU
		{3A84B4ED-CEBC-4D32-B094-272917D6E5C6}.Release_Ubuntu|Any CPU.ActiveCfg = Release|Any CPU
		{3A84B4ED-CEBC-4D32-B094-272917D6E5C6}.Release_Ubuntu|Any CPU.Build.0 = Release|Any CPU
		{3A84B4ED-CEBC-4D32-B094-272917D6E5C6}.Release_Ubuntu|x64.ActiveCfg = Release|Any CPU
		{3A84B4ED-CEBC-4D32-B094-272917D6E5C6}.Release_Ubuntu|x64.Build.0 = Release|Any CPU
		{3A84B4ED-CEBC-4D32-B094-272917D6E5C6}.Release_Ubuntu|x86.ActiveCfg = Release|Any CPU
		{3A84B4ED-CEBC-4D32-B094-272917D6E5C6}.Release_Ubuntu|x86.Build.0 = Release|Any CPU
		{3A84B4ED-CEBC-4D32-B094-272917D6E5C6}.Release|Any CPU.ActiveCfg = Release|Any CPU
		{3A84B4ED-CEBC-4D32-B094-272917D6E5C6}.Release|Any CPU.Build.0 = Release|Any CPU
		{3A84B4ED-CEBC-4D32-B094-272917D6E5C6}.Release|x64.ActiveCfg = Release|Any CPU
		{3A84B4ED-CEBC-4D32-B094-272917D6E5C6}.Release|x64.Build.0 = Release|Any CPU
		{3A84B4ED-CEBC-4D32-B094-272917D6E5C6}.Release|x86.ActiveCfg = Release|Any CPU
		{3A84B4ED-CEBC-4D32-B094-272917D6E5C6}.Release|x86.Build.0 = Release|Any CPU
		{246967F3-4261-4C80-BEF9-4437FDA84388}.Debug_Ubuntu|Any CPU.ActiveCfg = Debug|Any CPU
		{246967F3-4261-4C80-BEF9-4437FDA84388}.Debug_Ubuntu|Any CPU.Build.0 = Debug|Any CPU
		{246967F3-4261-4C80-BEF9-4437FDA84388}.Debug_Ubuntu|x64.ActiveCfg = Debug|Any CPU
		{246967F3-4261-4C80-BEF9-4437FDA84388}.Debug_Ubuntu|x64.Build.0 = Debug|Any CPU
		{246967F3-4261-4C80-BEF9-4437FDA84388}.Debug_Ubuntu|x86.ActiveCfg = Debug|Any CPU
		{246967F3-4261-4C80-BEF9-4437FDA84388}.Debug_Ubuntu|x86.Build.0 = Debug|Any CPU
		{246967F3-4261-4C80-BEF9-4437FDA84388}.Debug|Any CPU.ActiveCfg = Debug|Any CPU
		{246967F3-4261-4C80-BEF9-4437FDA84388}.Debug|Any CPU.Build.0 = Debug|Any CPU
		{246967F3-4261-4C80-BEF9-4437FDA84388}.Debug|x64.ActiveCfg = Debug|Any CPU
		{246967F3-4261-4C80-BEF9-4437FDA84388}.Debug|x64.Build.0 = Debug|Any CPU
		{246967F3-4261-4C80-BEF9-4437FDA84388}.Debug|x86.ActiveCfg = Debug|Any CPU
		{246967F3-4261-4C80-BEF9-4437FDA84388}.Debug|x86.Build.0 = Debug|Any CPU
		{246967F3-4261-4C80-BEF9-4437FDA84388}.Release_Ubuntu|Any CPU.ActiveCfg = Release|Any CPU
		{246967F3-4261-4C80-BEF9-4437FDA84388}.Release_Ubuntu|Any CPU.Build.0 = Release|Any CPU
		{246967F3-4261-4C80-BEF9-4437FDA84388}.Release_Ubuntu|x64.ActiveCfg = Release|Any CPU
		{246967F3-4261-4C80-BEF9-4437FDA84388}.Release_Ubuntu|x64.Build.0 = Release|Any CPU
		{246967F3-4261-4C80-BEF9-4437FDA84388}.Release_Ubuntu|x86.ActiveCfg = Release|Any CPU
		{246967F3-4261-4C80-BEF9-4437FDA84388}.Release_Ubuntu|x86.Build.0 = Release|Any CPU
		{246967F3-4261-4C80-BEF9-4437FDA84388}.Release|Any CPU.ActiveCfg = Release|Any CPU
		{246967F3-4261-4C80-BEF9-4437FDA84388}.Release|Any CPU.Build.0 = Release|Any CPU
		{246967F3-4261-4C80-BEF9-4437FDA84388}.Release|x64.ActiveCfg = Release|Any CPU
		{246967F3-4261-4C80-BEF9-4437FDA84388}.Release|x64.Build.0 = Release|Any CPU
		{246967F3-4261-4C80-BEF9-4437FDA84388}.Release|x86.ActiveCfg = Release|Any CPU
		{246967F3-4261-4C80-BEF9-4437FDA84388}.Release|x86.Build.0 = Release|Any CPU
		{549BC411-DDBA-4F07-B904-8F85C820BBD2}.Debug_Ubuntu|Any CPU.ActiveCfg = Debug|Any CPU
		{549BC411-DDBA-4F07-B904-8F85C820BBD2}.Debug_Ubuntu|Any CPU.Build.0 = Debug|Any CPU
		{549BC411-DDBA-4F07-B904-8F85C820BBD2}.Debug_Ubuntu|x64.ActiveCfg = Debug|Any CPU
		{549BC411-DDBA-4F07-B904-8F85C820BBD2}.Debug_Ubuntu|x64.Build.0 = Debug|Any CPU
		{549BC411-DDBA-4F07-B904-8F85C820BBD2}.Debug_Ubuntu|x86.ActiveCfg = Debug|Any CPU
		{549BC411-DDBA-4F07-B904-8F85C820BBD2}.Debug_Ubuntu|x86.Build.0 = Debug|Any CPU
		{549BC411-DDBA-4F07-B904-8F85C820BBD2}.Debug|Any CPU.ActiveCfg = Debug|Any CPU
		{549BC411-DDBA-4F07-B904-8F85C820BBD2}.Debug|Any CPU.Build.0 = Debug|Any CPU
		{549BC411-DDBA-4F07-B904-8F85C820BBD2}.Debug|x64.ActiveCfg = Debug|Any CPU
		{549BC411-DDBA-4F07-B904-8F85C820BBD2}.Debug|x64.Build.0 = Debug|Any CPU
		{549BC411-DDBA-4F07-B904-8F85C820BBD2}.Debug|x86.ActiveCfg = Debug|Any CPU
		{549BC411-DDBA-4F07-B904-8F85C820BBD2}.Debug|x86.Build.0 = Debug|Any CPU
		{549BC411-DDBA-4F07-B904-8F85C820BBD2}.Release_Ubuntu|Any CPU.ActiveCfg = Release|Any CPU
		{549BC411-DDBA-4F07-B904-8F85C820BBD2}.Release_Ubuntu|Any CPU.Build.0 = Release|Any CPU
		{549BC411-DDBA-4F07-B904-8F85C820BBD2}.Release_Ubuntu|x64.ActiveCfg = Release|Any CPU
		{549BC411-DDBA-4F07-B904-8F85C820BBD2}.Release_Ubuntu|x64.Build.0 = Release|Any CPU
		{549BC411-DDBA-4F07-B904-8F85C820BBD2}.Release_Ubuntu|x86.ActiveCfg = Release|Any CPU
		{549BC411-DDBA-4F07-B904-8F85C820BBD2}.Release_Ubuntu|x86.Build.0 = Release|Any CPU
		{549BC411-DDBA-4F07-B904-8F85C820BBD2}.Release|Any CPU.ActiveCfg = Release|Any CPU
		{549BC411-DDBA-4F07-B904-8F85C820BBD2}.Release|Any CPU.Build.0 = Release|Any CPU
		{549BC411-DDBA-4F07-B904-8F85C820BBD2}.Release|x64.ActiveCfg = Release|Any CPU
		{549BC411-DDBA-4F07-B904-8F85C820BBD2}.Release|x64.Build.0 = Release|Any CPU
		{549BC411-DDBA-4F07-B904-8F85C820BBD2}.Release|x86.ActiveCfg = Release|Any CPU
		{549BC411-DDBA-4F07-B904-8F85C820BBD2}.Release|x86.Build.0 = Release|Any CPU
		{CF99D3F2-2C06-4A9F-BA22-E2E0CA457B58}.Debug_Ubuntu|Any CPU.ActiveCfg = Debug|Any CPU
		{CF99D3F2-2C06-4A9F-BA22-E2E0CA457B58}.Debug_Ubuntu|Any CPU.Build.0 = Debug|Any CPU
		{CF99D3F2-2C06-4A9F-BA22-E2E0CA457B58}.Debug_Ubuntu|x64.ActiveCfg = Debug|Any CPU
		{CF99D3F2-2C06-4A9F-BA22-E2E0CA457B58}.Debug_Ubuntu|x64.Build.0 = Debug|Any CPU
		{CF99D3F2-2C06-4A9F-BA22-E2E0CA457B58}.Debug_Ubuntu|x86.ActiveCfg = Debug|Any CPU
		{CF99D3F2-2C06-4A9F-BA22-E2E0CA457B58}.Debug_Ubuntu|x86.Build.0 = Debug|Any CPU
		{CF99D3F2-2C06-4A9F-BA22-E2E0CA457B58}.Debug|Any CPU.ActiveCfg = Debug|Any CPU
		{CF99D3F2-2C06-4A9F-BA22-E2E0CA457B58}.Debug|Any CPU.Build.0 = Debug|Any CPU
		{CF99D3F2-2C06-4A9F-BA22-E2E0CA457B58}.Debug|x64.ActiveCfg = Debug|Any CPU
		{CF99D3F2-2C06-4A9F-BA22-E2E0CA457B58}.Debug|x64.Build.0 = Debug|Any CPU
		{CF99D3F2-2C06-4A9F-BA22-E2E0CA457B58}.Debug|x86.ActiveCfg = Debug|Any CPU
		{CF99D3F2-2C06-4A9F-BA22-E2E0CA457B58}.Debug|x86.Build.0 = Debug|Any CPU
		{CF99D3F2-2C06-4A9F-BA22-E2E0CA457B58}.Release_Ubuntu|Any CPU.ActiveCfg = Release|Any CPU
		{CF99D3F2-2C06-4A9F-BA22-E2E0CA457B58}.Release_Ubuntu|Any CPU.Build.0 = Release|Any CPU
		{CF99D3F2-2C06-4A9F-BA22-E2E0CA457B58}.Release_Ubuntu|x64.ActiveCfg = Release|Any CPU
		{CF99D3F2-2C06-4A9F-BA22-E2E0CA457B58}.Release_Ubuntu|x64.Build.0 = Release|Any CPU
		{CF99D3F2-2C06-4A9F-BA22-E2E0CA457B58}.Release_Ubuntu|x86.ActiveCfg = Release|Any CPU
		{CF99D3F2-2C06-4A9F-BA22-E2E0CA457B58}.Release_Ubuntu|x86.Build.0 = Release|Any CPU
		{CF99D3F2-2C06-4A9F-BA22-E2E0CA457B58}.Release|Any CPU.ActiveCfg = Release|Any CPU
		{CF99D3F2-2C06-4A9F-BA22-E2E0CA457B58}.Release|Any CPU.Build.0 = Release|Any CPU
		{CF99D3F2-2C06-4A9F-BA22-E2E0CA457B58}.Release|x64.ActiveCfg = Release|Any CPU
		{CF99D3F2-2C06-4A9F-BA22-E2E0CA457B58}.Release|x64.Build.0 = Release|Any CPU
		{CF99D3F2-2C06-4A9F-BA22-E2E0CA457B58}.Release|x86.ActiveCfg = Release|Any CPU
		{CF99D3F2-2C06-4A9F-BA22-E2E0CA457B58}.Release|x86.Build.0 = Release|Any CPU
		{3415EEAE-F02C-4D2D-980A-86F597A4A74C}.Debug_Ubuntu|Any CPU.ActiveCfg = Debug|Any CPU
		{3415EEAE-F02C-4D2D-980A-86F597A4A74C}.Debug_Ubuntu|Any CPU.Build.0 = Debug|Any CPU
		{3415EEAE-F02C-4D2D-980A-86F597A4A74C}.Debug_Ubuntu|x64.ActiveCfg = Debug|Any CPU
		{3415EEAE-F02C-4D2D-980A-86F597A4A74C}.Debug_Ubuntu|x64.Build.0 = Debug|Any CPU
		{3415EEAE-F02C-4D2D-980A-86F597A4A74C}.Debug_Ubuntu|x86.ActiveCfg = Debug|Any CPU
		{3415EEAE-F02C-4D2D-980A-86F597A4A74C}.Debug_Ubuntu|x86.Build.0 = Debug|Any CPU
		{3415EEAE-F02C-4D2D-980A-86F597A4A74C}.Debug|Any CPU.ActiveCfg = Debug|Any CPU
		{3415EEAE-F02C-4D2D-980A-86F597A4A74C}.Debug|Any CPU.Build.0 = Debug|Any CPU
		{3415EEAE-F02C-4D2D-980A-86F597A4A74C}.Debug|x64.ActiveCfg = Debug|Any CPU
		{3415EEAE-F02C-4D2D-980A-86F597A4A74C}.Debug|x64.Build.0 = Debug|Any CPU
		{3415EEAE-F02C-4D2D-980A-86F597A4A74C}.Debug|x86.ActiveCfg = Debug|Any CPU
		{3415EEAE-F02C-4D2D-980A-86F597A4A74C}.Debug|x86.Build.0 = Debug|Any CPU
		{3415EEAE-F02C-4D2D-980A-86F597A4A74C}.Release_Ubuntu|Any CPU.ActiveCfg = Release|Any CPU
		{3415EEAE-F02C-4D2D-980A-86F597A4A74C}.Release_Ubuntu|Any CPU.Build.0 = Release|Any CPU
		{3415EEAE-F02C-4D2D-980A-86F597A4A74C}.Release_Ubuntu|x64.ActiveCfg = Release|Any CPU
		{3415EEAE-F02C-4D2D-980A-86F597A4A74C}.Release_Ubuntu|x64.Build.0 = Release|Any CPU
		{3415EEAE-F02C-4D2D-980A-86F597A4A74C}.Release_Ubuntu|x86.ActiveCfg = Release|Any CPU
		{3415EEAE-F02C-4D2D-980A-86F597A4A74C}.Release_Ubuntu|x86.Build.0 = Release|Any CPU
		{3415EEAE-F02C-4D2D-980A-86F597A4A74C}.Release|Any CPU.ActiveCfg = Release|Any CPU
		{3415EEAE-F02C-4D2D-980A-86F597A4A74C}.Release|Any CPU.Build.0 = Release|Any CPU
		{3415EEAE-F02C-4D2D-980A-86F597A4A74C}.Release|x64.ActiveCfg = Release|Any CPU
		{3415EEAE-F02C-4D2D-980A-86F597A4A74C}.Release|x64.Build.0 = Release|Any CPU
		{3415EEAE-F02C-4D2D-980A-86F597A4A74C}.Release|x86.ActiveCfg = Release|Any CPU
		{3415EEAE-F02C-4D2D-980A-86F597A4A74C}.Release|x86.Build.0 = Release|Any CPU
		{8B35EBCE-B31C-463A-8011-4986560252C3}.Debug_Ubuntu|Any CPU.ActiveCfg = Debug|Any CPU
		{8B35EBCE-B31C-463A-8011-4986560252C3}.Debug_Ubuntu|Any CPU.Build.0 = Debug|Any CPU
		{8B35EBCE-B31C-463A-8011-4986560252C3}.Debug_Ubuntu|x64.ActiveCfg = Debug|Any CPU
		{8B35EBCE-B31C-463A-8011-4986560252C3}.Debug_Ubuntu|x64.Build.0 = Debug|Any CPU
		{8B35EBCE-B31C-463A-8011-4986560252C3}.Debug_Ubuntu|x86.ActiveCfg = Debug|Any CPU
		{8B35EBCE-B31C-463A-8011-4986560252C3}.Debug_Ubuntu|x86.Build.0 = Debug|Any CPU
		{8B35EBCE-B31C-463A-8011-4986560252C3}.Debug|Any CPU.ActiveCfg = Debug|Any CPU
		{8B35EBCE-B31C-463A-8011-4986560252C3}.Debug|Any CPU.Build.0 = Debug|Any CPU
		{8B35EBCE-B31C-463A-8011-4986560252C3}.Debug|x64.ActiveCfg = Debug|Any CPU
		{8B35EBCE-B31C-463A-8011-4986560252C3}.Debug|x64.Build.0 = Debug|Any CPU
		{8B35EBCE-B31C-463A-8011-4986560252C3}.Debug|x86.ActiveCfg = Debug|Any CPU
		{8B35EBCE-B31C-463A-8011-4986560252C3}.Debug|x86.Build.0 = Debug|Any CPU
		{8B35EBCE-B31C-463A-8011-4986560252C3}.Release_Ubuntu|Any CPU.ActiveCfg = Release|Any CPU
		{8B35EBCE-B31C-463A-8011-4986560252C3}.Release_Ubuntu|Any CPU.Build.0 = Release|Any CPU
		{8B35EBCE-B31C-463A-8011-4986560252C3}.Release_Ubuntu|x64.ActiveCfg = Release|Any CPU
		{8B35EBCE-B31C-463A-8011-4986560252C3}.Release_Ubuntu|x64.Build.0 = Release|Any CPU
		{8B35EBCE-B31C-463A-8011-4986560252C3}.Release_Ubuntu|x86.ActiveCfg = Release|Any CPU
		{8B35EBCE-B31C-463A-8011-4986560252C3}.Release_Ubuntu|x86.Build.0 = Release|Any CPU
		{8B35EBCE-B31C-463A-8011-4986560252C3}.Release|Any CPU.ActiveCfg = Release|Any CPU
		{8B35EBCE-B31C-463A-8011-4986560252C3}.Release|Any CPU.Build.0 = Release|Any CPU
		{8B35EBCE-B31C-463A-8011-4986560252C3}.Release|x64.ActiveCfg = Release|Any CPU
		{8B35EBCE-B31C-463A-8011-4986560252C3}.Release|x64.Build.0 = Release|Any CPU
		{8B35EBCE-B31C-463A-8011-4986560252C3}.Release|x86.ActiveCfg = Release|Any CPU
		{8B35EBCE-B31C-463A-8011-4986560252C3}.Release|x86.Build.0 = Release|Any CPU
		{B668B03E-B8FD-4C4A-BE79-3A96BAB7AD8C}.Debug_Ubuntu|Any CPU.ActiveCfg = Debug|Any CPU
		{B668B03E-B8FD-4C4A-BE79-3A96BAB7AD8C}.Debug_Ubuntu|Any CPU.Build.0 = Debug|Any CPU
		{B668B03E-B8FD-4C4A-BE79-3A96BAB7AD8C}.Debug_Ubuntu|x64.ActiveCfg = Debug|Any CPU
		{B668B03E-B8FD-4C4A-BE79-3A96BAB7AD8C}.Debug_Ubuntu|x64.Build.0 = Debug|Any CPU
		{B668B03E-B8FD-4C4A-BE79-3A96BAB7AD8C}.Debug_Ubuntu|x86.ActiveCfg = Debug|Any CPU
		{B668B03E-B8FD-4C4A-BE79-3A96BAB7AD8C}.Debug_Ubuntu|x86.Build.0 = Debug|Any CPU
		{B668B03E-B8FD-4C4A-BE79-3A96BAB7AD8C}.Debug|Any CPU.ActiveCfg = Debug|Any CPU
		{B668B03E-B8FD-4C4A-BE79-3A96BAB7AD8C}.Debug|Any CPU.Build.0 = Debug|Any CPU
		{B668B03E-B8FD-4C4A-BE79-3A96BAB7AD8C}.Debug|x64.ActiveCfg = Debug|Any CPU
		{B668B03E-B8FD-4C4A-BE79-3A96BAB7AD8C}.Debug|x64.Build.0 = Debug|Any CPU
		{B668B03E-B8FD-4C4A-BE79-3A96BAB7AD8C}.Debug|x86.ActiveCfg = Debug|Any CPU
		{B668B03E-B8FD-4C4A-BE79-3A96BAB7AD8C}.Debug|x86.Build.0 = Debug|Any CPU
		{B668B03E-B8FD-4C4A-BE79-3A96BAB7AD8C}.Release_Ubuntu|Any CPU.ActiveCfg = Release|Any CPU
		{B668B03E-B8FD-4C4A-BE79-3A96BAB7AD8C}.Release_Ubuntu|Any CPU.Build.0 = Release|Any CPU
		{B668B03E-B8FD-4C4A-BE79-3A96BAB7AD8C}.Release_Ubuntu|x64.ActiveCfg = Release|Any CPU
		{B668B03E-B8FD-4C4A-BE79-3A96BAB7AD8C}.Release_Ubuntu|x64.Build.0 = Release|Any CPU
		{B668B03E-B8FD-4C4A-BE79-3A96BAB7AD8C}.Release_Ubuntu|x86.ActiveCfg = Release|Any CPU
		{B668B03E-B8FD-4C4A-BE79-3A96BAB7AD8C}.Release_Ubuntu|x86.Build.0 = Release|Any CPU
		{B668B03E-B8FD-4C4A-BE79-3A96BAB7AD8C}.Release|Any CPU.ActiveCfg = Release|Any CPU
		{B668B03E-B8FD-4C4A-BE79-3A96BAB7AD8C}.Release|Any CPU.Build.0 = Release|Any CPU
		{B668B03E-B8FD-4C4A-BE79-3A96BAB7AD8C}.Release|x64.ActiveCfg = Release|Any CPU
		{B668B03E-B8FD-4C4A-BE79-3A96BAB7AD8C}.Release|x64.Build.0 = Release|Any CPU
		{B668B03E-B8FD-4C4A-BE79-3A96BAB7AD8C}.Release|x86.ActiveCfg = Release|Any CPU
		{B668B03E-B8FD-4C4A-BE79-3A96BAB7AD8C}.Release|x86.Build.0 = Release|Any CPU
		{4664C6F5-1A94-4AC0-A8BE-49C03F3B276A}.Debug_Ubuntu|Any CPU.ActiveCfg = Release|x86
		{4664C6F5-1A94-4AC0-A8BE-49C03F3B276A}.Debug_Ubuntu|x64.ActiveCfg = Release|x86
		{4664C6F5-1A94-4AC0-A8BE-49C03F3B276A}.Debug_Ubuntu|x86.ActiveCfg = Debug|x86
		{4664C6F5-1A94-4AC0-A8BE-49C03F3B276A}.Debug|Any CPU.ActiveCfg = Debug|x86
		{4664C6F5-1A94-4AC0-A8BE-49C03F3B276A}.Debug|x64.ActiveCfg = Debug|x86
		{4664C6F5-1A94-4AC0-A8BE-49C03F3B276A}.Debug|x86.ActiveCfg = Debug|x86
		{4664C6F5-1A94-4AC0-A8BE-49C03F3B276A}.Debug|x86.Build.0 = Debug|x86
		{4664C6F5-1A94-4AC0-A8BE-49C03F3B276A}.Release_Ubuntu|Any CPU.ActiveCfg = Release|x86
		{4664C6F5-1A94-4AC0-A8BE-49C03F3B276A}.Release_Ubuntu|Any CPU.Build.0 = Release|x86
		{4664C6F5-1A94-4AC0-A8BE-49C03F3B276A}.Release_Ubuntu|x64.ActiveCfg = Release|x86
		{4664C6F5-1A94-4AC0-A8BE-49C03F3B276A}.Release_Ubuntu|x64.Build.0 = Release|x86
		{4664C6F5-1A94-4AC0-A8BE-49C03F3B276A}.Release_Ubuntu|x86.ActiveCfg = Release|x86
		{4664C6F5-1A94-4AC0-A8BE-49C03F3B276A}.Release_Ubuntu|x86.Build.0 = Release|x86
		{4664C6F5-1A94-4AC0-A8BE-49C03F3B276A}.Release|Any CPU.ActiveCfg = Release|x86
		{4664C6F5-1A94-4AC0-A8BE-49C03F3B276A}.Release|x64.ActiveCfg = Release|x86
		{4664C6F5-1A94-4AC0-A8BE-49C03F3B276A}.Release|x86.ActiveCfg = Release|x86
		{4664C6F5-1A94-4AC0-A8BE-49C03F3B276A}.Release|x86.Build.0 = Release|x86
		{0862EF44-859A-4922-8EB7-7BFB66199C5C}.Debug_Ubuntu|Any CPU.ActiveCfg = Debug|Any CPU
		{0862EF44-859A-4922-8EB7-7BFB66199C5C}.Debug_Ubuntu|Any CPU.Build.0 = Debug|Any CPU
		{0862EF44-859A-4922-8EB7-7BFB66199C5C}.Debug_Ubuntu|x64.ActiveCfg = Debug|Any CPU
		{0862EF44-859A-4922-8EB7-7BFB66199C5C}.Debug_Ubuntu|x64.Build.0 = Debug|Any CPU
		{0862EF44-859A-4922-8EB7-7BFB66199C5C}.Debug_Ubuntu|x86.ActiveCfg = Debug|Any CPU
		{0862EF44-859A-4922-8EB7-7BFB66199C5C}.Debug_Ubuntu|x86.Build.0 = Debug|Any CPU
		{0862EF44-859A-4922-8EB7-7BFB66199C5C}.Debug|Any CPU.ActiveCfg = Debug|Any CPU
		{0862EF44-859A-4922-8EB7-7BFB66199C5C}.Debug|Any CPU.Build.0 = Debug|Any CPU
		{0862EF44-859A-4922-8EB7-7BFB66199C5C}.Debug|x64.ActiveCfg = Debug|Any CPU
		{0862EF44-859A-4922-8EB7-7BFB66199C5C}.Debug|x64.Build.0 = Debug|Any CPU
		{0862EF44-859A-4922-8EB7-7BFB66199C5C}.Debug|x86.ActiveCfg = Debug|Any CPU
		{0862EF44-859A-4922-8EB7-7BFB66199C5C}.Debug|x86.Build.0 = Debug|Any CPU
		{0862EF44-859A-4922-8EB7-7BFB66199C5C}.Release_Ubuntu|Any CPU.ActiveCfg = Release|Any CPU
		{0862EF44-859A-4922-8EB7-7BFB66199C5C}.Release_Ubuntu|Any CPU.Build.0 = Release|Any CPU
		{0862EF44-859A-4922-8EB7-7BFB66199C5C}.Release_Ubuntu|x64.ActiveCfg = Release|Any CPU
		{0862EF44-859A-4922-8EB7-7BFB66199C5C}.Release_Ubuntu|x64.Build.0 = Release|Any CPU
		{0862EF44-859A-4922-8EB7-7BFB66199C5C}.Release_Ubuntu|x86.ActiveCfg = Release|Any CPU
		{0862EF44-859A-4922-8EB7-7BFB66199C5C}.Release_Ubuntu|x86.Build.0 = Release|Any CPU
		{0862EF44-859A-4922-8EB7-7BFB66199C5C}.Release|Any CPU.ActiveCfg = Release|Any CPU
		{0862EF44-859A-4922-8EB7-7BFB66199C5C}.Release|Any CPU.Build.0 = Release|Any CPU
		{0862EF44-859A-4922-8EB7-7BFB66199C5C}.Release|x64.ActiveCfg = Release|Any CPU
		{0862EF44-859A-4922-8EB7-7BFB66199C5C}.Release|x64.Build.0 = Release|Any CPU
		{0862EF44-859A-4922-8EB7-7BFB66199C5C}.Release|x86.ActiveCfg = Release|Any CPU
		{0862EF44-859A-4922-8EB7-7BFB66199C5C}.Release|x86.Build.0 = Release|Any CPU
	EndGlobalSection
	GlobalSection(SolutionProperties) = preSolution
		HideSolutionNode = FALSE
	EndGlobalSection
	GlobalSection(NestedProjects) = preSolution
		{35101FCE-D2B0-437B-B694-B0E04DD0BC3C} = {9DE608E6-1314-4E4A-BBAA-DFB3D7E7384C}
		{232647D8-8CA8-4F02-91B9-72EE17E99DD1} = {9DE608E6-1314-4E4A-BBAA-DFB3D7E7384C}
		{7ECC99B6-75A2-43AA-934A-F41CE749DAC9} = {9DE608E6-1314-4E4A-BBAA-DFB3D7E7384C}
		{59D58F7E-EC28-4E70-BBC3-5D02B577BD11} = {9DE608E6-1314-4E4A-BBAA-DFB3D7E7384C}
		{5ABE5F5A-6FD0-4DB7-A045-00ED6E91C473} = {9DE608E6-1314-4E4A-BBAA-DFB3D7E7384C}
		{877CEFBC-C28A-4326-BD90-3F5950BB53ED} = {9DE608E6-1314-4E4A-BBAA-DFB3D7E7384C}
		{0E9A1E35-BA14-4823-83FB-7BDC64C18F91} = {9DE608E6-1314-4E4A-BBAA-DFB3D7E7384C}
		{F973DBC2-F3BA-4160-839B-8491E6827E3B} = {9DE608E6-1314-4E4A-BBAA-DFB3D7E7384C}
		{A35BCC76-8ECE-436F-8DF7-B7AA12DA13BB} = {9DE608E6-1314-4E4A-BBAA-DFB3D7E7384C}
		{D51C4CE3-0473-4DDF-9F0C-B3022E493DBD} = {9DE608E6-1314-4E4A-BBAA-DFB3D7E7384C}
		{E3E0D40D-99AC-4ED4-9E64-19CDC10813B0} = {9DE608E6-1314-4E4A-BBAA-DFB3D7E7384C}
		{5557B374-341E-4176-9D46-BE8606136ADA} = {9DE608E6-1314-4E4A-BBAA-DFB3D7E7384C}
		{AAF65EBA-E48D-491A-AD2E-525BDE11EC6F} = {9DE608E6-1314-4E4A-BBAA-DFB3D7E7384C}
		{3BB1C211-9006-4FEE-9F40-7556717431B0} = {9DE608E6-1314-4E4A-BBAA-DFB3D7E7384C}
		{7A80E47B-C82F-4A16-83F0-E0C65F22885A} = {9DE608E6-1314-4E4A-BBAA-DFB3D7E7384C}
		{B54DE51C-A462-43A7-90C2-6A39E1865300} = {9DE608E6-1314-4E4A-BBAA-DFB3D7E7384C}
		{C29037E3-9C2F-4996-8434-36600735D465} = {9DE608E6-1314-4E4A-BBAA-DFB3D7E7384C}
		{786F3627-BC95-4C92-9240-B0CD3D8BBB58} = {9DE608E6-1314-4E4A-BBAA-DFB3D7E7384C}
		{CE5F0847-F8B5-4B95-8E86-E007FCDC92A3} = {9DE608E6-1314-4E4A-BBAA-DFB3D7E7384C}
		{5D420F78-C169-4615-ACB2-A039BF8ACBD6} = {9DE608E6-1314-4E4A-BBAA-DFB3D7E7384C}
		{D184BF09-FD6D-4F36-BC6E-BF05E763E3AC} = {9DE608E6-1314-4E4A-BBAA-DFB3D7E7384C}
		{B357BAC7-529E-4D81-A0D2-71041B19C8DE} = {9DE608E6-1314-4E4A-BBAA-DFB3D7E7384C}
		{6FFEFEF0-8B67-45C8-9ABA-A1E6D276B1C2} = {9DE608E6-1314-4E4A-BBAA-DFB3D7E7384C}
		{9FF69878-E3D3-459D-A779-A6CB0091DE75} = {9DE608E6-1314-4E4A-BBAA-DFB3D7E7384C}
		{958222ED-4BA0-45DD-92E5-6B72BA62ABA6} = {9DE608E6-1314-4E4A-BBAA-DFB3D7E7384C}
		{AAC4FB16-95FC-4D70-8BB0-916C760E3978} = {9DE608E6-1314-4E4A-BBAA-DFB3D7E7384C}
		{C4BA79BE-2094-4B71-A84C-E4ACABDE3958} = {9DE608E6-1314-4E4A-BBAA-DFB3D7E7384C}
		{1BAF5E8C-4A8C-48CE-96F9-DB45F2980A47} = {9DE608E6-1314-4E4A-BBAA-DFB3D7E7384C}
		{3A84B4ED-CEBC-4D32-B094-272917D6E5C6} = {9DE608E6-1314-4E4A-BBAA-DFB3D7E7384C}
		{246967F3-4261-4C80-BEF9-4437FDA84388} = {9DE608E6-1314-4E4A-BBAA-DFB3D7E7384C}
		{549BC411-DDBA-4F07-B904-8F85C820BBD2} = {9DE608E6-1314-4E4A-BBAA-DFB3D7E7384C}
		{CF99D3F2-2C06-4A9F-BA22-E2E0CA457B58} = {9DE608E6-1314-4E4A-BBAA-DFB3D7E7384C}
		{3415EEAE-F02C-4D2D-980A-86F597A4A74C} = {9DE608E6-1314-4E4A-BBAA-DFB3D7E7384C}
		{8B35EBCE-B31C-463A-8011-4986560252C3} = {9DE608E6-1314-4E4A-BBAA-DFB3D7E7384C}
		{B668B03E-B8FD-4C4A-BE79-3A96BAB7AD8C} = {9DE608E6-1314-4E4A-BBAA-DFB3D7E7384C}
		{4664C6F5-1A94-4AC0-A8BE-49C03F3B276A} = {04C1F2F8-6678-4351-90F6-6D8E9489D0E5}
		{0862EF44-859A-4922-8EB7-7BFB66199C5C} = {9DE608E6-1314-4E4A-BBAA-DFB3D7E7384C}
	EndGlobalSection
	GlobalSection(ExtensibilityGlobals) = postSolution
		SolutionGuid = {56ED6544-64AE-4AA9-8549-7860F927C495}
	EndGlobalSection
EndGlobal
